{
  "version": 4,
  "terraform_version": "1.14.8",
  "serial": 171,
  "lineage": "40ba5d90-69aa-babe-2a89-973bb167d369",
  "outputs": {
    "alb_dns_name": {
      "value": "cs6650-final-alb-732441295.us-west-2.elb.amazonaws.com",
      "type": "string"
    },
    "cart_api_service_name": {
      "value": "cs6650-final-cart-api",
      "type": "string"
    },
    "ecr_alert": {
      "value": "330214284546.dkr.ecr.us-west-2.amazonaws.com/cs6650-final/alert",
      "type": "string"
    },
    "ecr_analytics": {
      "value": "330214284546.dkr.ecr.us-west-2.amazonaws.com/cs6650-final/analytics",
      "type": "string"
    },
    "ecr_cart_api": {
      "value": "330214284546.dkr.ecr.us-west-2.amazonaws.com/cs6650-final/cart-api",
      "type": "string"
    },
    "ecr_prometheus": {
      "value": "330214284546.dkr.ecr.us-west-2.amazonaws.com/cs6650-final/prometheus",
      "type": "string"
    },
    "ecs_cluster_name": {
      "value": "cs6650-final-cluster",
      "type": "string"
    },
    "kafka_nlb_dns_name": {
      "value": "cs6650-final-kafka-nlb-26c80dbd46590811.elb.us-west-2.amazonaws.com",
      "type": "string"
    },
    "prometheus_url": {
      "value": "http://cs6650-final-prom-nlb-a5ac2dc21f18fd85.elb.us-west-2.amazonaws.com:9090",
      "type": "string"
    },
    "scaling_mode": {
      "value": "static",
      "type": "string"
    }
  },
  "resources": [
    {
      "mode": "data",
      "type": "aws_caller_identity",
      "name": "current",
      "provider": "provider[\"registry.terraform.io/hashicorp/aws\"]",
      "instances": [
        {
          "schema_version": 0,
          "attributes": {
            "account_id": "330214284546",
            "arn": "arn:aws:sts::330214284546:assumed-role/voclabs/user4715364=wang.zongw@northeastern.edu",
            "id": "330214284546",
            "user_id": "AROAUZYSODUBO3RVOQJCZ:user4715364=wang.zongw@northeastern.edu"
          },
          "sensitive_attributes": [],
          "identity_schema_version": 0
        }
      ]
    },
    {
      "mode": "managed",
      "type": "aws_appautoscaling_policy",
      "name": "cart_api_cpu",
      "provider": "provider[\"registry.terraform.io/hashicorp/aws\"]",
      "instances": [
        {
          "index_key": 0,
          "schema_version": 0,
          "attributes": {
            "alarm_arns": [
              "arn:aws:cloudwatch:us-west-2:330214284546:alarm:TargetTracking-service/cs6650-final-cluster/cs6650-final-cart-api-AlarmHigh-8361f08c-aca0-4bbd-a4bf-ce8036a911b6",
              "arn:aws:cloudwatch:us-west-2:330214284546:alarm:TargetTracking-service/cs6650-final-cluster/cs6650-final-cart-api-AlarmLow-a2d47dbe-e77d-4b8b-8855-b183196b2691"
            ],
            "arn": "arn:aws:autoscaling:us-west-2:330214284546:scalingPolicy:23382c9d-0d64-4045-80cb-06b0a331d845:resource/ecs/service/cs6650-final-cluster/cs6650-final-cart-api:policyName/cs6650-final-cart-api-cpu-scaling",
            "id": "cs6650-final-cart-api-cpu-scaling",
            "name": "cs6650-final-cart-api-cpu-scaling",
            "policy_type": "TargetTrackingScaling",
            "resource_id": "service/cs6650-final-cluster/cs6650-final-cart-api",
            "scalable_dimension": "ecs:service:DesiredCount",
            "service_namespace": "ecs",
            "step_scaling_policy_configuration": [],
            "target_tracking_scaling_policy_configuration": [
              {
                "customized_metric_specification": [],
                "disable_scale_in": false,
                "predefined_metric_specification": [
                  {
                    "predefined_metric_type": "ECSServiceAverageCPUUtilization",
                    "resource_label": ""
                  }
                ],
                "scale_in_cooldown": 300,
                "scale_out_cooldown": 300,
                "target_value": 70
              }
            ]
          },
          "sensitive_attributes": [],
          "identity_schema_version": 0,
          "private": "bnVsbA==",
          "dependencies": [
            "aws_appautoscaling_target.cart_api",
            "aws_cloudwatch_log_group.cart_api",
            "aws_cloudwatch_log_group.kafka",
            "aws_ecr_repository.cart_api",
            "aws_ecs_cluster.main",
            "aws_ecs_service.cart_api",
            "aws_ecs_service.kafka",
            "aws_ecs_task_definition.cart_api",
            "aws_ecs_task_definition.kafka",
            "aws_lb.cart_api",
            "aws_lb.kafka",
            "aws_lb_listener.http",
            "aws_lb_listener.kafka",
            "aws_lb_target_group.cart_api",
            "aws_lb_target_group.kafka",
            "aws_security_group.alb",
            "aws_security_group.ecs_tasks",
            "aws_subnet.public",
            "aws_vpc.main",
            "data.aws_caller_identity.current"
          ]
        }
      ]
    },
    {
      "mode": "managed",
      "type": "aws_appautoscaling_target",
      "name": "cart_api",
      "provider": "provider[\"registry.terraform.io/hashicorp/aws\"]",
      "instances": [
        {
          "index_key": 0,
          "schema_version": 0,
          "attributes": {
            "arn": "arn:aws:application-autoscaling:us-west-2:330214284546:scalable-target/0ec523382c9d0d64404580cb06b0a331d845",
            "id": "service/cs6650-final-cluster/cs6650-final-cart-api",
            "max_capacity": 8,
            "min_capacity": 1,
            "resource_id": "service/cs6650-final-cluster/cs6650-final-cart-api",
            "role_arn": "arn:aws:iam::330214284546:role/aws-service-role/ecs.application-autoscaling.amazonaws.com/AWSServiceRoleForApplicationAutoScaling_ECSService",
            "scalable_dimension": "ecs:service:DesiredCount",
            "service_namespace": "ecs",
            "suspended_state": [
              {
                "dynamic_scaling_in_suspended": false,
                "dynamic_scaling_out_suspended": false,
                "scheduled_scaling_suspended": false
              }
            ],
            "tags": {},
            "tags_all": {}
          },
          "sensitive_attributes": [],
          "identity_schema_version": 0,
          "private": "bnVsbA==",
          "dependencies": [
            "aws_cloudwatch_log_group.cart_api",
            "aws_cloudwatch_log_group.kafka",
            "aws_ecr_repository.cart_api",
            "aws_ecs_cluster.main",
            "aws_ecs_service.cart_api",
            "aws_ecs_service.kafka",
            "aws_ecs_task_definition.cart_api",
            "aws_ecs_task_definition.kafka",
            "aws_lb.cart_api",
            "aws_lb.kafka",
            "aws_lb_listener.http",
            "aws_lb_listener.kafka",
            "aws_lb_target_group.cart_api",
            "aws_lb_target_group.kafka",
            "aws_security_group.alb",
            "aws_security_group.ecs_tasks",
            "aws_subnet.public",
            "aws_vpc.main",
            "data.aws_caller_identity.current"
          ]
        }
      ]
    },
    {
      "mode": "managed",
      "type": "aws_cloudwatch_log_group",
      "name": "alert",
      "provider": "provider[\"registry.terraform.io/hashicorp/aws\"]",
      "instances": [
        {
          "schema_version": 0,
          "attributes": {
            "arn": "arn:aws:logs:us-west-2:330214284546:log-group:/ecs/cs6650-final/alert",
            "id": "/ecs/cs6650-final/alert",
            "kms_key_id": "",
            "log_group_class": "STANDARD",
            "name": "/ecs/cs6650-final/alert",
            "name_prefix": "",
            "retention_in_days": 7,
            "skip_destroy": false,
            "tags": {
              "ManagedBy": "terraform",
              "Project": "cs6650-final"
            },
            "tags_all": {
              "ManagedBy": "terraform",
              "Project": "cs6650-final"
            }
          },
          "sensitive_attributes": [],
          "identity_schema_version": 0,
          "private": "bnVsbA=="
        }
      ]
    },
    {
      "mode": "managed",
      "type": "aws_cloudwatch_log_group",
      "name": "analytics",
      "provider": "provider[\"registry.terraform.io/hashicorp/aws\"]",
      "instances": [
        {
          "schema_version": 0,
          "attributes": {
            "arn": "arn:aws:logs:us-west-2:330214284546:log-group:/ecs/cs6650-final/analytics",
            "id": "/ecs/cs6650-final/analytics",
            "kms_key_id": "",
            "log_group_class": "STANDARD",
            "name": "/ecs/cs6650-final/analytics",
            "name_prefix": "",
            "retention_in_days": 7,
            "skip_destroy": false,
            "tags": {
              "ManagedBy": "terraform",
              "Project": "cs6650-final"
            },
            "tags_all": {
              "ManagedBy": "terraform",
              "Project": "cs6650-final"
            }
          },
          "sensitive_attributes": [],
          "identity_schema_version": 0,
          "private": "bnVsbA=="
        }
      ]
    },
    {
      "mode": "managed",
      "type": "aws_cloudwatch_log_group",
      "name": "cart_api",
      "provider": "provider[\"registry.terraform.io/hashicorp/aws\"]",
      "instances": [
        {
          "schema_version": 0,
          "attributes": {
            "arn": "arn:aws:logs:us-west-2:330214284546:log-group:/ecs/cs6650-final/cart-api",
            "id": "/ecs/cs6650-final/cart-api",
            "kms_key_id": "",
            "log_group_class": "STANDARD",
            "name": "/ecs/cs6650-final/cart-api",
            "name_prefix": "",
            "retention_in_days": 7,
            "skip_destroy": false,
            "tags": {
              "ManagedBy": "terraform",
              "Project": "cs6650-final"
            },
            "tags_all": {
              "ManagedBy": "terraform",
              "Project": "cs6650-final"
            }
          },
          "sensitive_attributes": [],
          "identity_schema_version": 0,
          "private": "bnVsbA=="
        }
      ]
    },
    {
      "mode": "managed",
      "type": "aws_cloudwatch_log_group",
      "name": "kafka",
      "provider": "provider[\"registry.terraform.io/hashicorp/aws\"]",
      "instances": [
        {
          "schema_version": 0,
          "attributes": {
            "arn": "arn:aws:logs:us-west-2:330214284546:log-group:/ecs/cs6650-final/kafka",
            "id": "/ecs/cs6650-final/kafka",
            "kms_key_id": "",
            "log_group_class": "STANDARD",
            "name": "/ecs/cs6650-final/kafka",
            "name_prefix": "",
            "retention_in_days": 7,
            "skip_destroy": false,
            "tags": {
              "ManagedBy": "terraform",
              "Project": "cs6650-final"
            },
            "tags_all": {
              "ManagedBy": "terraform",
              "Project": "cs6650-final"
            }
          },
          "sensitive_attributes": [],
          "identity_schema_version": 0,
          "private": "bnVsbA=="
        }
      ]
    },
    {
      "mode": "managed",
      "type": "aws_cloudwatch_log_group",
      "name": "prometheus",
      "provider": "provider[\"registry.terraform.io/hashicorp/aws\"]",
      "instances": [
        {
          "schema_version": 0,
          "attributes": {
            "arn": "arn:aws:logs:us-west-2:330214284546:log-group:/ecs/cs6650-final/prometheus",
            "id": "/ecs/cs6650-final/prometheus",
            "kms_key_id": "",
            "log_group_class": "STANDARD",
            "name": "/ecs/cs6650-final/prometheus",
            "name_prefix": "",
            "retention_in_days": 7,
            "skip_destroy": false,
            "tags": {
              "ManagedBy": "terraform",
              "Project": "cs6650-final"
            },
            "tags_all": {
              "ManagedBy": "terraform",
              "Project": "cs6650-final"
            }
          },
          "sensitive_attributes": [],
          "identity_schema_version": 0,
          "private": "bnVsbA=="
        }
      ]
    },
    {
      "mode": "managed",
      "type": "aws_dynamodb_table",
      "name": "metrics",
      "provider": "provider[\"registry.terraform.io/hashicorp/aws\"]",
      "instances": [
        {
          "schema_version": 1,
          "attributes": {
            "arn": "arn:aws:dynamodb:us-west-2:330214284546:table/cs6650-final-metrics",
            "attribute": [
              {
                "name": "timestamp",
                "type": "S"
              }
            ],
            "billing_mode": "PAY_PER_REQUEST",
            "deletion_protection_enabled": false,
            "global_secondary_index": [],
            "hash_key": "timestamp",
            "id": "cs6650-final-metrics",
            "import_table": [],
            "local_secondary_index": [],
            "name": "cs6650-final-metrics",
            "on_demand_throughput": [],
            "point_in_time_recovery": [
              {
                "enabled": false,
                "recovery_period_in_days": 0
              }
            ],
            "range_key": null,
            "read_capacity": 0,
            "replica": [],
            "restore_date_time": null,
            "restore_source_name": null,
            "restore_source_table_arn": null,
            "restore_to_latest_time": null,
            "server_side_encryption": [],
            "stream_arn": "",
            "stream_enabled": false,
            "stream_label": "",
            "stream_view_type": "",
            "table_class": "STANDARD",
            "tags": {
              "ManagedBy": "terraform",
              "Project": "cs6650-final"
            },
            "tags_all": {
              "ManagedBy": "terraform",
              "Project": "cs6650-final"
            },
            "timeouts": null,
            "ttl": [
              {
                "attribute_name": "",
                "enabled": false
              }
            ],
            "write_capacity": 0
          },
          "sensitive_attributes": [],
          "identity_schema_version": 0,
          "private": "eyJlMmJmYjczMC1lY2FhLTExZTYtOGY4OC0zNDM2M2JjN2M0YzAiOnsiY3JlYXRlIjoxODAwMDAwMDAwMDAwLCJkZWxldGUiOjYwMDAwMDAwMDAwMCwidXBkYXRlIjozNjAwMDAwMDAwMDAwfSwic2NoZW1hX3ZlcnNpb24iOiIxIn0="
        }
      ]
    },
    {
      "mode": "managed",
      "type": "aws_ecr_repository",
      "name": "alert",
      "provider": "provider[\"registry.terraform.io/hashicorp/aws\"]",
      "instances": [
        {
          "schema_version": 0,
          "attributes": {
            "arn": "arn:aws:ecr:us-west-2:330214284546:repository/cs6650-final/alert",
            "encryption_configuration": [
              {
                "encryption_type": "AES256",
                "kms_key": ""
              }
            ],
            "force_delete": true,
            "id": "cs6650-final/alert",
            "image_scanning_configuration": [
              {
                "scan_on_push": false
              }
            ],
            "image_tag_mutability": "MUTABLE",
            "name": "cs6650-final/alert",
            "registry_id": "330214284546",
            "repository_url": "330214284546.dkr.ecr.us-west-2.amazonaws.com/cs6650-final/alert",
            "tags": {
              "ManagedBy": "terraform",
              "Project": "cs6650-final"
            },
            "tags_all": {
              "ManagedBy": "terraform",
              "Project": "cs6650-final"
            },
            "timeouts": null
          },
          "sensitive_attributes": [],
          "identity_schema_version": 0,
          "private": "eyJlMmJmYjczMC1lY2FhLTExZTYtOGY4OC0zNDM2M2JjN2M0YzAiOnsiZGVsZXRlIjoxMjAwMDAwMDAwMDAwfX0="
        }
      ]
    },
    {
      "mode": "managed",
      "type": "aws_ecr_repository",
      "name": "analytics",
      "provider": "provider[\"registry.terraform.io/hashicorp/aws\"]",
      "instances": [
        {
          "schema_version": 0,
          "attributes": {
            "arn": "arn:aws:ecr:us-west-2:330214284546:repository/cs6650-final/analytics",
            "encryption_configuration": [
              {
                "encryption_type": "AES256",
                "kms_key": ""
              }
            ],
            "force_delete": true,
            "id": "cs6650-final/analytics",
            "image_scanning_configuration": [
              {
                "scan_on_push": false
              }
            ],
            "image_tag_mutability": "MUTABLE",
            "name": "cs6650-final/analytics",
            "registry_id": "330214284546",
            "repository_url": "330214284546.dkr.ecr.us-west-2.amazonaws.com/cs6650-final/analytics",
            "tags": {
              "ManagedBy": "terraform",
              "Project": "cs6650-final"
            },
            "tags_all": {
              "ManagedBy": "terraform",
              "Project": "cs6650-final"
            },
            "timeouts": null
          },
          "sensitive_attributes": [],
          "identity_schema_version": 0,
          "private": "eyJlMmJmYjczMC1lY2FhLTExZTYtOGY4OC0zNDM2M2JjN2M0YzAiOnsiZGVsZXRlIjoxMjAwMDAwMDAwMDAwfX0="
        }
      ]
    },
    {
      "mode": "managed",
      "type": "aws_ecr_repository",
      "name": "cart_api",
      "provider": "provider[\"registry.terraform.io/hashicorp/aws\"]",
      "instances": [
        {
          "schema_version": 0,
          "attributes": {
            "arn": "arn:aws:ecr:us-west-2:330214284546:repository/cs6650-final/cart-api",
            "encryption_configuration": [
              {
                "encryption_type": "AES256",
                "kms_key": ""
              }
            ],
            "force_delete": true,
            "id": "cs6650-final/cart-api",
            "image_scanning_configuration": [
              {
                "scan_on_push": false
              }
            ],
            "image_tag_mutability": "MUTABLE",
            "name": "cs6650-final/cart-api",
            "registry_id": "330214284546",
            "repository_url": "330214284546.dkr.ecr.us-west-2.amazonaws.com/cs6650-final/cart-api",
            "tags": {
              "ManagedBy": "terraform",
              "Project": "cs6650-final"
            },
            "tags_all": {
              "ManagedBy": "terraform",
              "Project": "cs6650-final"
            },
            "timeouts": null
          },
          "sensitive_attributes": [],
          "identity_schema_version": 0,
          "private": "eyJlMmJmYjczMC1lY2FhLTExZTYtOGY4OC0zNDM2M2JjN2M0YzAiOnsiZGVsZXRlIjoxMjAwMDAwMDAwMDAwfX0="
        }
      ]
    },
    {
      "mode": "managed",
      "type": "aws_ecr_repository",
      "name": "prometheus",
      "provider": "provider[\"registry.terraform.io/hashicorp/aws\"]",
      "instances": [
        {
          "schema_version": 0,
          "attributes": {
            "arn": "arn:aws:ecr:us-west-2:330214284546:repository/cs6650-final/prometheus",
            "encryption_configuration": [
              {
                "encryption_type": "AES256",
                "kms_key": ""
              }
            ],
            "force_delete": true,
            "id": "cs6650-final/prometheus",
            "image_scanning_configuration": [
              {
                "scan_on_push": false
              }
            ],
            "image_tag_mutability": "MUTABLE",
            "name": "cs6650-final/prometheus",
            "registry_id": "330214284546",
            "repository_url": "330214284546.dkr.ecr.us-west-2.amazonaws.com/cs6650-final/prometheus",
            "tags": {
              "ManagedBy": "terraform",
              "Project": "cs6650-final"
            },
            "tags_all": {
              "ManagedBy": "terraform",
              "Project": "cs6650-final"
            },
            "timeouts": null
          },
          "sensitive_attributes": [],
          "identity_schema_version": 0,
          "private": "eyJlMmJmYjczMC1lY2FhLTExZTYtOGY4OC0zNDM2M2JjN2M0YzAiOnsiZGVsZXRlIjoxMjAwMDAwMDAwMDAwfX0="
        }
      ]
    },
    {
      "mode": "managed",
      "type": "aws_ecs_cluster",
      "name": "main",
      "provider": "provider[\"registry.terraform.io/hashicorp/aws\"]",
      "instances": [
        {
          "schema_version": 0,
          "attributes": {
            "arn": "arn:aws:ecs:us-west-2:330214284546:cluster/cs6650-final-cluster",
            "configuration": [],
            "id": "arn:aws:ecs:us-west-2:330214284546:cluster/cs6650-final-cluster",
            "name": "cs6650-final-cluster",
            "service_connect_defaults": [],
            "setting": [
              {
                "name": "containerInsights",
                "value": "enabled"
              }
            ],
            "tags": {
              "ManagedBy": "terraform",
              "Project": "cs6650-final"
            },
            "tags_all": {
              "ManagedBy": "terraform",
              "Project": "cs6650-final"
            }
          },
          "sensitive_attributes": [],
          "identity_schema_version": 0,
          "private": "bnVsbA=="
        }
      ]
    },
    {
      "mode": "managed",
      "type": "aws_ecs_service",
      "name": "alert",
      "provider": "provider[\"registry.terraform.io/hashicorp/aws\"]",
      "instances": [
        {
          "schema_version": 1,
          "attributes": {
            "alarms": [],
            "availability_zone_rebalancing": "DISABLED",
            "capacity_provider_strategy": [],
            "cluster": "arn:aws:ecs:us-west-2:330214284546:cluster/cs6650-final-cluster",
            "deployment_circuit_breaker": [
              {
                "enable": false,
                "rollback": false
              }
            ],
            "deployment_controller": [
              {
                "type": "ECS"
              }
            ],
            "deployment_maximum_percent": 200,
            "deployment_minimum_healthy_percent": 100,
            "desired_count": 1,
            "enable_ecs_managed_tags": false,
            "enable_execute_command": false,
            "force_delete": null,
            "force_new_deployment": null,
            "health_check_grace_period_seconds": 0,
            "iam_role": "/aws-service-role/ecs.amazonaws.com/AWSServiceRoleForECS",
            "id": "arn:aws:ecs:us-west-2:330214284546:service/cs6650-final-cluster/cs6650-final-alert",
            "launch_type": "FARGATE",
            "load_balancer": [],
            "name": "cs6650-final-alert",
            "network_configuration": [
              {
                "assign_public_ip": true,
                "security_groups": [
                  "sg-0cade7128d26c1475"
                ],
                "subnets": [
                  "subnet-04e3b50bc51bb7d0d",
                  "subnet-0b534eedb12879269"
                ]
              }
            ],
            "ordered_placement_strategy": [],
            "placement_constraints": [],
            "platform_version": "LATEST",
            "propagate_tags": "NONE",
            "scheduling_strategy": "REPLICA",
            "service_connect_configuration": [],
            "service_registries": [],
            "tags": {
              "ManagedBy": "terraform",
              "Project": "cs6650-final"
            },
            "tags_all": {
              "ManagedBy": "terraform",
              "Project": "cs6650-final"
            },
            "task_definition": "arn:aws:ecs:us-west-2:330214284546:task-definition/cs6650-final-alert:4",
            "timeouts": null,
            "triggers": {},
            "volume_configuration": [],
            "vpc_lattice_configurations": [],
            "wait_for_steady_state": false
          },
          "sensitive_attributes": [],
          "identity_schema_version": 0,
          "private": "eyJlMmJmYjczMC1lY2FhLTExZTYtOGY4OC0zNDM2M2JjN2M0YzAiOnsiY3JlYXRlIjoxMjAwMDAwMDAwMDAwLCJkZWxldGUiOjEyMDAwMDAwMDAwMDAsInVwZGF0ZSI6MTIwMDAwMDAwMDAwMH0sInNjaGVtYV92ZXJzaW9uIjoiMSJ9",
          "dependencies": [
            "aws_cloudwatch_log_group.alert",
            "aws_cloudwatch_log_group.kafka",
            "aws_ecr_repository.alert",
            "aws_ecs_cluster.main",
            "aws_ecs_service.kafka",
            "aws_ecs_task_definition.alert",
            "aws_ecs_task_definition.kafka",
            "aws_lb.kafka",
            "aws_lb_listener.kafka",
            "aws_lb_target_group.kafka",
            "aws_security_group.alb",
            "aws_security_group.ecs_tasks",
            "aws_sns_topic.alerts",
            "aws_subnet.public",
            "aws_vpc.main",
            "data.aws_caller_identity.current"
          ]
        }
      ]
    },
    {
      "mode": "managed",
      "type": "aws_ecs_service",
      "name": "analytics",
      "provider": "provider[\"registry.terraform.io/hashicorp/aws\"]",
      "instances": [
        {
          "schema_version": 1,
          "attributes": {
            "alarms": [],
            "availability_zone_rebalancing": "DISABLED",
            "capacity_provider_strategy": [],
            "cluster": "arn:aws:ecs:us-west-2:330214284546:cluster/cs6650-final-cluster",
            "deployment_circuit_breaker": [
              {
                "enable": false,
                "rollback": false
              }
            ],
            "deployment_controller": [
              {
                "type": "ECS"
              }
            ],
            "deployment_maximum_percent": 200,
            "deployment_minimum_healthy_percent": 100,
            "desired_count": 1,
            "enable_ecs_managed_tags": false,
            "enable_execute_command": false,
            "force_delete": null,
            "force_new_deployment": null,
            "health_check_grace_period_seconds": 0,
            "iam_role": "/aws-service-role/ecs.amazonaws.com/AWSServiceRoleForECS",
            "id": "arn:aws:ecs:us-west-2:330214284546:service/cs6650-final-cluster/cs6650-final-analytics",
            "launch_type": "FARGATE",
            "load_balancer": [],
            "name": "cs6650-final-analytics",
            "network_configuration": [
              {
                "assign_public_ip": true,
                "security_groups": [
                  "sg-0cade7128d26c1475"
                ],
                "subnets": [
                  "subnet-04e3b50bc51bb7d0d",
                  "subnet-0b534eedb12879269"
                ]
              }
            ],
            "ordered_placement_strategy": [],
            "placement_constraints": [],
            "platform_version": "LATEST",
            "propagate_tags": "NONE",
            "scheduling_strategy": "REPLICA",
            "service_connect_configuration": [],
            "service_registries": [],
            "tags": {
              "ManagedBy": "terraform",
              "Project": "cs6650-final"
            },
            "tags_all": {
              "ManagedBy": "terraform",
              "Project": "cs6650-final"
            },
            "task_definition": "arn:aws:ecs:us-west-2:330214284546:task-definition/cs6650-final-analytics:4",
            "timeouts": null,
            "triggers": {},
            "volume_configuration": [],
            "vpc_lattice_configurations": [],
            "wait_for_steady_state": false
          },
          "sensitive_attributes": [],
          "identity_schema_version": 0,
          "private": "eyJlMmJmYjczMC1lY2FhLTExZTYtOGY4OC0zNDM2M2JjN2M0YzAiOnsiY3JlYXRlIjoxMjAwMDAwMDAwMDAwLCJkZWxldGUiOjEyMDAwMDAwMDAwMDAsInVwZGF0ZSI6MTIwMDAwMDAwMDAwMH0sInNjaGVtYV92ZXJzaW9uIjoiMSJ9",
          "dependencies": [
            "aws_cloudwatch_log_group.analytics",
            "aws_cloudwatch_log_group.kafka",
            "aws_dynamodb_table.metrics",
            "aws_ecr_repository.analytics",
            "aws_ecs_cluster.main",
            "aws_ecs_service.kafka",
            "aws_ecs_task_definition.analytics",
            "aws_ecs_task_definition.kafka",
            "aws_lb.kafka",
            "aws_lb_listener.kafka",
            "aws_lb_target_group.kafka",
            "aws_security_group.alb",
            "aws_security_group.ecs_tasks",
            "aws_subnet.public",
            "aws_vpc.main",
            "data.aws_caller_identity.current"
          ]
        }
      ]
    },
    {
      "mode": "managed",
      "type": "aws_ecs_service",
      "name": "cart_api",
      "provider": "provider[\"registry.terraform.io/hashicorp/aws\"]",
      "instances": [
        {
          "schema_version": 1,
          "attributes": {
            "alarms": [],
            "availability_zone_rebalancing": "DISABLED",
            "capacity_provider_strategy": [],
            "cluster": "arn:aws:ecs:us-west-2:330214284546:cluster/cs6650-final-cluster",
            "deployment_circuit_breaker": [
              {
                "enable": false,
                "rollback": false
              }
            ],
            "deployment_controller": [
              {
                "type": "ECS"
              }
            ],
            "deployment_maximum_percent": 200,
            "deployment_minimum_healthy_percent": 100,
            "desired_count": 4,
            "enable_ecs_managed_tags": false,
            "enable_execute_command": false,
            "force_delete": null,
            "force_new_deployment": null,
            "health_check_grace_period_seconds": 0,
            "iam_role": "/aws-service-role/ecs.amazonaws.com/AWSServiceRoleForECS",
            "id": "arn:aws:ecs:us-west-2:330214284546:service/cs6650-final-cluster/cs6650-final-cart-api",
            "launch_type": "FARGATE",
            "load_balancer": [
              {
                "container_name": "cart-api",
                "container_port": 8080,
                "elb_name": "",
                "target_group_arn": "arn:aws:elasticloadbalancing:us-west-2:330214284546:targetgroup/cs6650-final-cart-api-tg/88b34baa970429fb"
              }
            ],
            "name": "cs6650-final-cart-api",
            "network_configuration": [
              {
                "assign_public_ip": true,
                "security_groups": [
                  "sg-0cade7128d26c1475"
                ],
                "subnets": [
                  "subnet-04e3b50bc51bb7d0d",
                  "subnet-0b534eedb12879269"
                ]
              }
            ],
            "ordered_placement_strategy": [],
            "placement_constraints": [],
            "platform_version": "LATEST",
            "propagate_tags": "NONE",
            "scheduling_strategy": "REPLICA",
            "service_connect_configuration": [],
            "service_registries": [],
            "tags": {
              "ManagedBy": "terraform",
              "Project": "cs6650-final"
            },
            "tags_all": {
              "ManagedBy": "terraform",
              "Project": "cs6650-final"
            },
            "task_definition": "arn:aws:ecs:us-west-2:330214284546:task-definition/cs6650-final-cart-api:3",
            "timeouts": null,
            "triggers": {},
            "volume_configuration": [],
            "vpc_lattice_configurations": [],
            "wait_for_steady_state": false
          },
          "sensitive_attributes": [],
          "identity_schema_version": 0,
          "private": "eyJlMmJmYjczMC1lY2FhLTExZTYtOGY4OC0zNDM2M2JjN2M0YzAiOnsiY3JlYXRlIjoxMjAwMDAwMDAwMDAwLCJkZWxldGUiOjEyMDAwMDAwMDAwMDAsInVwZGF0ZSI6MTIwMDAwMDAwMDAwMH0sInNjaGVtYV92ZXJzaW9uIjoiMSJ9",
          "dependencies": [
            "aws_cloudwatch_log_group.cart_api",
            "aws_cloudwatch_log_group.kafka",
            "aws_ecr_repository.cart_api",
            "aws_ecs_cluster.main",
            "aws_ecs_service.kafka",
            "aws_ecs_task_definition.cart_api",
            "aws_ecs_task_definition.kafka",
            "aws_lb.cart_api",
            "aws_lb.kafka",
            "aws_lb_listener.http",
            "aws_lb_listener.kafka",
            "aws_lb_target_group.cart_api",
            "aws_lb_target_group.kafka",
            "aws_security_group.alb",
            "aws_security_group.ecs_tasks",
            "aws_subnet.public",
            "aws_vpc.main",
            "data.aws_caller_identity.current"
          ]
        }
      ]
    },
    {
      "mode": "managed",
      "type": "aws_ecs_service",
      "name": "kafka",
      "provider": "provider[\"registry.terraform.io/hashicorp/aws\"]",
      "instances": [
        {
          "schema_version": 1,
          "attributes": {
            "alarms": [],
            "availability_zone_rebalancing": "DISABLED",
            "capacity_provider_strategy": [],
            "cluster": "arn:aws:ecs:us-west-2:330214284546:cluster/cs6650-final-cluster",
            "deployment_circuit_breaker": [
              {
                "enable": false,
                "rollback": false
              }
            ],
            "deployment_controller": [
              {
                "type": "ECS"
              }
            ],
            "deployment_maximum_percent": 200,
            "deployment_minimum_healthy_percent": 100,
            "desired_count": 1,
            "enable_ecs_managed_tags": false,
            "enable_execute_command": false,
            "force_delete": null,
            "force_new_deployment": null,
            "health_check_grace_period_seconds": 0,
            "iam_role": "/aws-service-role/ecs.amazonaws.com/AWSServiceRoleForECS",
            "id": "arn:aws:ecs:us-west-2:330214284546:service/cs6650-final-cluster/cs6650-final-kafka",
            "launch_type": "FARGATE",
            "load_balancer": [
              {
                "container_name": "kafka",
                "container_port": 9092,
                "elb_name": "",
                "target_group_arn": "arn:aws:elasticloadbalancing:us-west-2:330214284546:targetgroup/cs6650-final-kafka-tg/e0a4f61f697de060"
              }
            ],
            "name": "cs6650-final-kafka",
            "network_configuration": [
              {
                "assign_public_ip": true,
                "security_groups": [
                  "sg-0cade7128d26c1475"
                ],
                "subnets": [
                  "subnet-04e3b50bc51bb7d0d",
                  "subnet-0b534eedb12879269"
                ]
              }
            ],
            "ordered_placement_strategy": [],
            "placement_constraints": [],
            "platform_version": "LATEST",
            "propagate_tags": "NONE",
            "scheduling_strategy": "REPLICA",
            "service_connect_configuration": [],
            "service_registries": [],
            "tags": {
              "ManagedBy": "terraform",
              "Project": "cs6650-final"
            },
            "tags_all": {
              "ManagedBy": "terraform",
              "Project": "cs6650-final"
            },
            "task_definition": "arn:aws:ecs:us-west-2:330214284546:task-definition/cs6650-final-kafka:3",
            "timeouts": null,
            "triggers": {},
            "volume_configuration": [],
            "vpc_lattice_configurations": [],
            "wait_for_steady_state": false
          },
          "sensitive_attributes": [],
          "identity_schema_version": 0,
          "private": "eyJlMmJmYjczMC1lY2FhLTExZTYtOGY4OC0zNDM2M2JjN2M0YzAiOnsiY3JlYXRlIjoxMjAwMDAwMDAwMDAwLCJkZWxldGUiOjEyMDAwMDAwMDAwMDAsInVwZGF0ZSI6MTIwMDAwMDAwMDAwMH0sInNjaGVtYV92ZXJzaW9uIjoiMSJ9",
          "dependencies": [
            "aws_cloudwatch_log_group.kafka",
            "aws_ecs_cluster.main",
            "aws_ecs_task_definition.kafka",
            "aws_lb.kafka",
            "aws_lb_listener.kafka",
            "aws_lb_target_group.kafka",
            "aws_security_group.alb",
            "aws_security_group.ecs_tasks",
            "aws_subnet.public",
            "aws_vpc.main",
            "data.aws_caller_identity.current"
          ]
        }
      ]
    },
    {
      "mode": "managed",
      "type": "aws_ecs_service",
      "name": "prometheus",
      "provider": "provider[\"registry.terraform.io/hashicorp/aws\"]",
      "instances": [
        {
          "schema_version": 1,
          "attributes": {
            "alarms": [],
            "availability_zone_rebalancing": "DISABLED",
            "capacity_provider_strategy": [],
            "cluster": "arn:aws:ecs:us-west-2:330214284546:cluster/cs6650-final-cluster",
            "deployment_circuit_breaker": [
              {
                "enable": false,
                "rollback": false
              }
            ],
            "deployment_controller": [
              {
                "type": "ECS"
              }
            ],
            "deployment_maximum_percent": 200,
            "deployment_minimum_healthy_percent": 100,
            "desired_count": 1,
            "enable_ecs_managed_tags": false,
            "enable_execute_command": false,
            "force_delete": null,
            "force_new_deployment": null,
            "health_check_grace_period_seconds": 0,
            "iam_role": "/aws-service-role/ecs.amazonaws.com/AWSServiceRoleForECS",
            "id": "arn:aws:ecs:us-west-2:330214284546:service/cs6650-final-cluster/cs6650-final-prometheus",
            "launch_type": "FARGATE",
            "load_balancer": [
              {
                "container_name": "prometheus",
                "container_port": 9090,
                "elb_name": "",
                "target_group_arn": "arn:aws:elasticloadbalancing:us-west-2:330214284546:targetgroup/cs6650-final-prom-tg/356de0c28422b3e0"
              }
            ],
            "name": "cs6650-final-prometheus",
            "network_configuration": [
              {
                "assign_public_ip": true,
                "security_groups": [
                  "sg-0cade7128d26c1475"
                ],
                "subnets": [
                  "subnet-04e3b50bc51bb7d0d",
                  "subnet-0b534eedb12879269"
                ]
              }
            ],
            "ordered_placement_strategy": [],
            "placement_constraints": [],
            "platform_version": "LATEST",
            "propagate_tags": "NONE",
            "scheduling_strategy": "REPLICA",
            "service_connect_configuration": [],
            "service_registries": [],
            "tags": {
              "ManagedBy": "terraform",
              "Project": "cs6650-final"
            },
            "tags_all": {
              "ManagedBy": "terraform",
              "Project": "cs6650-final"
            },
            "task_definition": "arn:aws:ecs:us-west-2:330214284546:task-definition/cs6650-final-prometheus:4",
            "timeouts": null,
            "triggers": {},
            "volume_configuration": [],
            "vpc_lattice_configurations": [],
            "wait_for_steady_state": false
          },
          "sensitive_attributes": [],
          "identity_schema_version": 0,
          "private": "eyJlMmJmYjczMC1lY2FhLTExZTYtOGY4OC0zNDM2M2JjN2M0YzAiOnsiY3JlYXRlIjoxMjAwMDAwMDAwMDAwLCJkZWxldGUiOjEyMDAwMDAwMDAwMDAsInVwZGF0ZSI6MTIwMDAwMDAwMDAwMH0sInNjaGVtYV92ZXJzaW9uIjoiMSJ9",
          "dependencies": [
            "aws_cloudwatch_log_group.prometheus",
            "aws_ecr_repository.prometheus",
            "aws_ecs_cluster.main",
            "aws_ecs_task_definition.prometheus",
            "aws_lb.prometheus",
            "aws_lb_listener.prometheus",
            "aws_lb_target_group.prometheus",
            "aws_security_group.alb",
            "aws_security_group.ecs_tasks",
            "aws_subnet.public",
            "aws_vpc.main",
            "data.aws_caller_identity.current"
          ]
        }
      ]
    },
    {
      "mode": "managed",
      "type": "aws_ecs_task_definition",
      "name": "alert",
      "provider": "provider[\"registry.terraform.io/hashicorp/aws\"]",
      "instances": [
        {
          "schema_version": 1,
          "attributes": {
            "arn": "arn:aws:ecs:us-west-2:330214284546:task-definition/cs6650-final-alert:4",
            "arn_without_revision": "arn:aws:ecs:us-west-2:330214284546:task-definition/cs6650-final-alert",
            "container_definitions": "[{\"environment\":[{\"name\":\"AWS_REGION\",\"value\":\"us-west-2\"},{\"name\":\"CONSUMER_GROUP\",\"value\":\"alert-group\"},{\"name\":\"KAFKA_BROKERS\",\"value\":\"cs6650-final-kafka-nlb-26c80dbd46590811.elb.us-west-2.amazonaws.com:9092\"},{\"name\":\"KAFKA_TOPIC\",\"value\":\"metrics-topic\"},{\"name\":\"PORT\",\"value\":\"8082\"},{\"name\":\"SNS_TOPIC_ARN\",\"value\":\"arn:aws:sns:us-west-2:330214284546:cs6650-final-alerts\"}],\"essential\":true,\"image\":\"330214284546.dkr.ecr.us-west-2.amazonaws.com/cs6650-final/alert:latest\",\"logConfiguration\":{\"logDriver\":\"awslogs\",\"options\":{\"awslogs-region\":\"us-west-2\",\"awslogs-stream-prefix\":\"alert\",\"awslogs-group\":\"/ecs/cs6650-final/alert\"}},\"mountPoints\":[],\"name\":\"alert\",\"portMappings\":[{\"containerPort\":8082,\"hostPort\":8082,\"protocol\":\"tcp\"}],\"systemControls\":[],\"volumesFrom\":[]}]",
            "cpu": "256",
            "enable_fault_injection": false,
            "ephemeral_storage": [],
            "execution_role_arn": "arn:aws:iam::330214284546:role/LabRole",
            "family": "cs6650-final-alert",
            "id": "cs6650-final-alert",
            "inference_accelerator": [],
            "ipc_mode": "",
            "memory": "512",
            "network_mode": "awsvpc",
            "pid_mode": "",
            "placement_constraints": [],
            "proxy_configuration": [],
            "requires_compatibilities": [
              "FARGATE"
            ],
            "revision": 4,
            "runtime_platform": [],
            "skip_destroy": false,
            "tags": {
              "ManagedBy": "terraform",
              "Project": "cs6650-final"
            },
            "tags_all": {
              "ManagedBy": "terraform",
              "Project": "cs6650-final"
            },
            "task_role_arn": "arn:aws:iam::330214284546:role/LabRole",
            "track_latest": false,
            "volume": []
          },
          "sensitive_attributes": [],
          "identity_schema_version": 0,
          "private": "eyJzY2hlbWFfdmVyc2lvbiI6IjEifQ==",
          "dependencies": [
            "aws_cloudwatch_log_group.alert",
            "aws_ecr_repository.alert",
            "aws_lb.kafka",
            "aws_sns_topic.alerts",
            "aws_subnet.public",
            "aws_vpc.main",
            "data.aws_caller_identity.current"
          ]
        }
      ]
    },
    {
      "mode": "managed",
      "type": "aws_ecs_task_definition",
      "name": "analytics",
      "provider": "provider[\"registry.terraform.io/hashicorp/aws\"]",
      "instances": [
        {
          "schema_version": 1,
          "attributes": {
            "arn": "arn:aws:ecs:us-west-2:330214284546:task-definition/cs6650-final-analytics:4",
            "arn_without_revision": "arn:aws:ecs:us-west-2:330214284546:task-definition/cs6650-final-analytics",
            "container_definitions": "[{\"environment\":[{\"name\":\"AWS_REGION\",\"value\":\"us-west-2\"},{\"name\":\"CONSUMER_GROUP\",\"value\":\"analytics-group\"},{\"name\":\"DYNAMODB_TABLE\",\"value\":\"cs6650-final-metrics\"},{\"name\":\"KAFKA_BROKERS\",\"value\":\"cs6650-final-kafka-nlb-26c80dbd46590811.elb.us-west-2.amazonaws.com:9092\"},{\"name\":\"KAFKA_CONSUMER_TOPIC\",\"value\":\"metrics-topic\"},{\"name\":\"KAFKA_PRODUCER_TOPIC\",\"value\":\"analytics-output-topic\"},{\"name\":\"PORT\",\"value\":\"8081\"}],\"essential\":true,\"image\":\"330214284546.dkr.ecr.us-west-2.amazonaws.com/cs6650-final/analytics:latest\",\"logConfiguration\":{\"logDriver\":\"awslogs\",\"options\":{\"awslogs-group\":\"/ecs/cs6650-final/analytics\",\"awslogs-region\":\"us-west-2\",\"awslogs-stream-prefix\":\"analytics\"}},\"mountPoints\":[],\"name\":\"analytics\",\"portMappings\":[{\"containerPort\":8081,\"hostPort\":8081,\"protocol\":\"tcp\"}],\"systemControls\":[],\"volumesFrom\":[]}]",
            "cpu": "256",
            "enable_fault_injection": false,
            "ephemeral_storage": [],
            "execution_role_arn": "arn:aws:iam::330214284546:role/LabRole",
            "family": "cs6650-final-analytics",
            "id": "cs6650-final-analytics",
            "inference_accelerator": [],
            "ipc_mode": "",
            "memory": "512",
            "network_mode": "awsvpc",
            "pid_mode": "",
            "placement_constraints": [],
            "proxy_configuration": [],
            "requires_compatibilities": [
              "FARGATE"
            ],
            "revision": 4,
            "runtime_platform": [],
            "skip_destroy": false,
            "tags": {
              "ManagedBy": "terraform",
              "Project": "cs6650-final"
            },
            "tags_all": {
              "ManagedBy": "terraform",
              "Project": "cs6650-final"
            },
            "task_role_arn": "arn:aws:iam::330214284546:role/LabRole",
            "track_latest": false,
            "volume": []
          },
          "sensitive_attributes": [],
          "identity_schema_version": 0,
          "private": "eyJzY2hlbWFfdmVyc2lvbiI6IjEifQ==",
          "dependencies": [
            "aws_cloudwatch_log_group.analytics",
            "aws_dynamodb_table.metrics",
            "aws_ecr_repository.analytics",
            "aws_lb.kafka",
            "aws_subnet.public",
            "aws_vpc.main",
            "data.aws_caller_identity.current"
          ]
        }
      ]
    },
    {
      "mode": "managed",
      "type": "aws_ecs_task_definition",
      "name": "cart_api",
      "provider": "provider[\"registry.terraform.io/hashicorp/aws\"]",
      "instances": [
        {
          "schema_version": 1,
          "attributes": {
            "arn": "arn:aws:ecs:us-west-2:330214284546:task-definition/cs6650-final-cart-api:3",
            "arn_without_revision": "arn:aws:ecs:us-west-2:330214284546:task-definition/cs6650-final-cart-api",
            "container_definitions": "[{\"environment\":[{\"name\":\"KAFKA_BROKERS\",\"value\":\"cs6650-final-kafka-nlb-26c80dbd46590811.elb.us-west-2.amazonaws.com:9092\"},{\"name\":\"KAFKA_TOPIC\",\"value\":\"metrics-topic\"},{\"name\":\"PORT\",\"value\":\"8080\"}],\"essential\":true,\"image\":\"330214284546.dkr.ecr.us-west-2.amazonaws.com/cs6650-final/cart-api:latest\",\"logConfiguration\":{\"logDriver\":\"awslogs\",\"options\":{\"awslogs-group\":\"/ecs/cs6650-final/cart-api\",\"awslogs-region\":\"us-west-2\",\"awslogs-stream-prefix\":\"cart-api\"}},\"mountPoints\":[],\"name\":\"cart-api\",\"portMappings\":[{\"containerPort\":8080,\"hostPort\":8080,\"protocol\":\"tcp\"}],\"systemControls\":[],\"volumesFrom\":[]}]",
            "cpu": "256",
            "enable_fault_injection": false,
            "ephemeral_storage": [],
            "execution_role_arn": "arn:aws:iam::330214284546:role/LabRole",
            "family": "cs6650-final-cart-api",
            "id": "cs6650-final-cart-api",
            "inference_accelerator": [],
            "ipc_mode": "",
            "memory": "512",
            "network_mode": "awsvpc",
            "pid_mode": "",
            "placement_constraints": [],
            "proxy_configuration": [],
            "requires_compatibilities": [
              "FARGATE"
            ],
            "revision": 3,
            "runtime_platform": [],
            "skip_destroy": false,
            "tags": {
              "ManagedBy": "terraform",
              "Project": "cs6650-final"
            },
            "tags_all": {
              "ManagedBy": "terraform",
              "Project": "cs6650-final"
            },
            "task_role_arn": "arn:aws:iam::330214284546:role/LabRole",
            "track_latest": false,
            "volume": []
          },
          "sensitive_attributes": [],
          "identity_schema_version": 0,
          "private": "eyJzY2hlbWFfdmVyc2lvbiI6IjEifQ==",
          "dependencies": [
            "aws_cloudwatch_log_group.cart_api",
            "aws_ecr_repository.cart_api",
            "aws_lb.kafka",
            "aws_subnet.public",
            "aws_vpc.main",
            "data.aws_caller_identity.current"
          ]
        }
      ]
    },
    {
      "mode": "managed",
      "type": "aws_ecs_task_definition",
      "name": "kafka",
      "provider": "provider[\"registry.terraform.io/hashicorp/aws\"]",
      "instances": [
        {
          "schema_version": 1,
          "attributes": {
            "arn": "arn:aws:ecs:us-west-2:330214284546:task-definition/cs6650-final-kafka:3",
            "arn_without_revision": "arn:aws:ecs:us-west-2:330214284546:task-definition/cs6650-final-kafka",
            "container_definitions": "[{\"environment\":[{\"name\":\"CLUSTER_ID\",\"value\":\"MkU3OEVBNTcwNTJENDM2Qk\"},{\"name\":\"KAFKA_ADVERTISED_LISTENERS\",\"value\":\"PLAINTEXT://cs6650-final-kafka-nlb-26c80dbd46590811.elb.us-west-2.amazonaws.com:9092\"},{\"name\":\"KAFKA_AUTO_CREATE_TOPICS_ENABLE\",\"value\":\"true\"},{\"name\":\"KAFKA_CONTROLLER_LISTENER_NAMES\",\"value\":\"CONTROLLER\"},{\"name\":\"KAFKA_CONTROLLER_QUORUM_VOTERS\",\"value\":\"1@localhost:9093\"},{\"name\":\"KAFKA_LISTENERS\",\"value\":\"PLAINTEXT://0.0.0.0:9092,CONTROLLER://0.0.0.0:9093\"},{\"name\":\"KAFKA_LISTENER_SECURITY_PROTOCOL_MAP\",\"value\":\"CONTROLLER:PLAINTEXT,PLAINTEXT:PLAINTEXT\"},{\"name\":\"KAFKA_NODE_ID\",\"value\":\"1\"},{\"name\":\"KAFKA_OFFSETS_TOPIC_REPLICATION_FACTOR\",\"value\":\"1\"},{\"name\":\"KAFKA_PROCESS_ROLES\",\"value\":\"broker,controller\"},{\"name\":\"KAFKA_TRANSACTION_STATE_LOG_MIN_ISR\",\"value\":\"1\"},{\"name\":\"KAFKA_TRANSACTION_STATE_LOG_REPLICATION_FACTOR\",\"value\":\"1\"}],\"essential\":true,\"image\":\"confluentinc/cp-kafka:7.5.0\",\"logConfiguration\":{\"logDriver\":\"awslogs\",\"options\":{\"awslogs-group\":\"/ecs/cs6650-final/kafka\",\"awslogs-region\":\"us-west-2\",\"awslogs-stream-prefix\":\"kafka\"}},\"mountPoints\":[],\"name\":\"kafka\",\"portMappings\":[{\"containerPort\":9092,\"hostPort\":9092,\"protocol\":\"tcp\"},{\"containerPort\":9093,\"hostPort\":9093,\"protocol\":\"tcp\"}],\"systemControls\":[],\"volumesFrom\":[]}]",
            "cpu": "1024",
            "enable_fault_injection": false,
            "ephemeral_storage": [],
            "execution_role_arn": "arn:aws:iam::330214284546:role/LabRole",
            "family": "cs6650-final-kafka",
            "id": "cs6650-final-kafka",
            "inference_accelerator": [],
            "ipc_mode": "",
            "memory": "2048",
            "network_mode": "awsvpc",
            "pid_mode": "",
            "placement_constraints": [],
            "proxy_configuration": [],
            "requires_compatibilities": [
              "FARGATE"
            ],
            "revision": 3,
            "runtime_platform": [],
            "skip_destroy": false,
            "tags": {
              "ManagedBy": "terraform",
              "Project": "cs6650-final"
            },
            "tags_all": {
              "ManagedBy": "terraform",
              "Project": "cs6650-final"
            },
            "task_role_arn": "arn:aws:iam::330214284546:role/LabRole",
            "track_latest": false,
            "volume": []
          },
          "sensitive_attributes": [],
          "identity_schema_version": 0,
          "private": "eyJzY2hlbWFfdmVyc2lvbiI6IjEifQ==",
          "dependencies": [
            "aws_cloudwatch_log_group.kafka",
            "aws_lb.kafka",
            "aws_subnet.public",
            "aws_vpc.main",
            "data.aws_caller_identity.current"
          ]
        }
      ]
    },
    {
      "mode": "managed",
      "type": "aws_ecs_task_definition",
      "name": "prometheus",
      "provider": "provider[\"registry.terraform.io/hashicorp/aws\"]",
      "instances": [
        {
          "schema_version": 1,
          "attributes": {
            "arn": "arn:aws:ecs:us-west-2:330214284546:task-definition/cs6650-final-prometheus:4",
            "arn_without_revision": "arn:aws:ecs:us-west-2:330214284546:task-definition/cs6650-final-prometheus",
            "container_definitions": "[{\"environment\":[],\"essential\":true,\"image\":\"330214284546.dkr.ecr.us-west-2.amazonaws.com/cs6650-final/prometheus:v3\",\"logConfiguration\":{\"logDriver\":\"awslogs\",\"options\":{\"awslogs-group\":\"/ecs/cs6650-final/prometheus\",\"awslogs-region\":\"us-west-2\",\"awslogs-stream-prefix\":\"prometheus\"}},\"mountPoints\":[],\"name\":\"prometheus\",\"portMappings\":[{\"containerPort\":9090,\"hostPort\":9090,\"protocol\":\"tcp\"}],\"systemControls\":[],\"volumesFrom\":[]}]",
            "cpu": "512",
            "enable_fault_injection": false,
            "ephemeral_storage": [],
            "execution_role_arn": "arn:aws:iam::330214284546:role/LabRole",
            "family": "cs6650-final-prometheus",
            "id": "cs6650-final-prometheus",
            "inference_accelerator": [],
            "ipc_mode": "",
            "memory": "1024",
            "network_mode": "awsvpc",
            "pid_mode": "",
            "placement_constraints": [],
            "proxy_configuration": [],
            "requires_compatibilities": [
              "FARGATE"
            ],
            "revision": 4,
            "runtime_platform": [],
            "skip_destroy": false,
            "tags": {
              "ManagedBy": "terraform",
              "Project": "cs6650-final"
            },
            "tags_all": {
              "ManagedBy": "terraform",
              "Project": "cs6650-final"
            },
            "task_role_arn": "arn:aws:iam::330214284546:role/LabRole",
            "track_latest": false,
            "volume": []
          },
          "sensitive_attributes": [],
          "identity_schema_version": 0,
          "private": "eyJzY2hlbWFfdmVyc2lvbiI6IjEifQ==",
          "dependencies": [
            "aws_cloudwatch_log_group.prometheus",
            "aws_ecr_repository.prometheus",
            "data.aws_caller_identity.current"
          ]
        }
      ]
    },
    {
      "mode": "managed",
      "type": "aws_internet_gateway",
      "name": "main",
      "provider": "provider[\"registry.terraform.io/hashicorp/aws\"]",
      "instances": [
        {
          "schema_version": 0,
          "attributes": {
            "arn": "arn:aws:ec2:us-west-2:330214284546:internet-gateway/igw-0354b82564b4830b8",
            "id": "igw-0354b82564b4830b8",
            "owner_id": "330214284546",
            "tags": {
              "ManagedBy": "terraform",
              "Name": "cs6650-final-igw",
              "Project": "cs6650-final"
            },
            "tags_all": {
              "ManagedBy": "terraform",
              "Name": "cs6650-final-igw",
              "Project": "cs6650-final"
            },
            "timeouts": null,
            "vpc_id": "vpc-01706b50151581940"
          },
          "sensitive_attributes": [],
          "identity_schema_version": 0,
          "private": "eyJlMmJmYjczMC1lY2FhLTExZTYtOGY4OC0zNDM2M2JjN2M0YzAiOnsiY3JlYXRlIjoxMjAwMDAwMDAwMDAwLCJkZWxldGUiOjEyMDAwMDAwMDAwMDAsInVwZGF0ZSI6MTIwMDAwMDAwMDAwMH19",
          "dependencies": [
            "aws_vpc.main"
          ]
        }
      ]
    },
    {
      "mode": "managed",
      "type": "aws_lb",
      "name": "cart_api",
      "provider": "provider[\"registry.terraform.io/hashicorp/aws\"]",
      "instances": [
        {
          "schema_version": 0,
          "attributes": {
            "access_logs": [
              {
                "bucket": "",
                "enabled": false,
                "prefix": ""
              }
            ],
            "arn": "arn:aws:elasticloadbalancing:us-west-2:330214284546:loadbalancer/app/cs6650-final-alb/4d30102c99b6d164",
            "arn_suffix": "app/cs6650-final-alb/4d30102c99b6d164",
            "client_keep_alive": 3600,
            "connection_logs": [
              {
                "bucket": "",
                "enabled": false,
                "prefix": ""
              }
            ],
            "customer_owned_ipv4_pool": "",
            "desync_mitigation_mode": "defensive",
            "dns_name": "cs6650-final-alb-732441295.us-west-2.elb.amazonaws.com",
            "dns_record_client_routing_policy": null,
            "drop_invalid_header_fields": false,
            "enable_cross_zone_load_balancing": true,
            "enable_deletion_protection": false,
            "enable_http2": true,
            "enable_tls_version_and_cipher_suite_headers": false,
            "enable_waf_fail_open": false,
            "enable_xff_client_port": false,
            "enable_zonal_shift": false,
            "enforce_security_group_inbound_rules_on_private_link_traffic": "",
            "id": "arn:aws:elasticloadbalancing:us-west-2:330214284546:loadbalancer/app/cs6650-final-alb/4d30102c99b6d164",
            "idle_timeout": 60,
            "internal": false,
            "ip_address_type": "ipv4",
            "ipam_pools": [],
            "load_balancer_type": "application",
            "minimum_load_balancer_capacity": [],
            "name": "cs6650-final-alb",
            "name_prefix": "",
            "preserve_host_header": false,
            "security_groups": [
              "sg-082deb49880308f77"
            ],
            "subnet_mapping": [
              {
                "allocation_id": "",
                "ipv6_address": "",
                "outpost_id": "",
                "private_ipv4_address": "",
                "subnet_id": "subnet-04e3b50bc51bb7d0d"
              },
              {
                "allocation_id": "",
                "ipv6_address": "",
                "outpost_id": "",
                "private_ipv4_address": "",
                "subnet_id": "subnet-0b534eedb12879269"
              }
            ],
            "subnets": [
              "subnet-04e3b50bc51bb7d0d",
              "subnet-0b534eedb12879269"
            ],
            "tags": {
              "ManagedBy": "terraform",
              "Name": "cs6650-final-alb",
              "Project": "cs6650-final"
            },
            "tags_all": {
              "ManagedBy": "terraform",
              "Name": "cs6650-final-alb",
              "Project": "cs6650-final"
            },
            "timeouts": null,
            "vpc_id": "vpc-01706b50151581940",
            "xff_header_processing_mode": "append",
            "zone_id": "Z1H1FL5HABSF5"
          },
          "sensitive_attributes": [],
          "identity_schema_version": 0,
          "private": "eyJlMmJmYjczMC1lY2FhLTExZTYtOGY4OC0zNDM2M2JjN2M0YzAiOnsiY3JlYXRlIjo2MDAwMDAwMDAwMDAsImRlbGV0ZSI6NjAwMDAwMDAwMDAwLCJ1cGRhdGUiOjYwMDAwMDAwMDAwMH19",
          "dependencies": [
            "aws_security_group.alb",
            "aws_subnet.public",
            "aws_vpc.main"
          ]
        }
      ]
    },
    {
      "mode": "managed",
      "type": "aws_lb",
      "name": "kafka",
      "provider": "provider[\"registry.terraform.io/hashicorp/aws\"]",
      "instances": [
        {
          "schema_version": 0,
          "attributes": {
            "access_logs": [
              {
                "bucket": "",
                "enabled": false,
                "prefix": ""
              }
            ],
            "arn": "arn:aws:elasticloadbalancing:us-west-2:330214284546:loadbalancer/net/cs6650-final-kafka-nlb/26c80dbd46590811",
            "arn_suffix": "net/cs6650-final-kafka-nlb/26c80dbd46590811",
            "client_keep_alive": null,
            "connection_logs": [],
            "customer_owned_ipv4_pool": "",
            "desync_mitigation_mode": null,
            "dns_name": "cs6650-final-kafka-nlb-26c80dbd46590811.elb.us-west-2.amazonaws.com",
            "dns_record_client_routing_policy": "any_availability_zone",
            "drop_invalid_header_fields": null,
            "enable_cross_zone_load_balancing": false,
            "enable_deletion_protection": false,
            "enable_http2": null,
            "enable_tls_version_and_cipher_suite_headers": null,
            "enable_waf_fail_open": null,
            "enable_xff_client_port": null,
            "enable_zonal_shift": false,
            "enforce_security_group_inbound_rules_on_private_link_traffic": "",
            "id": "arn:aws:elasticloadbalancing:us-west-2:330214284546:loadbalancer/net/cs6650-final-kafka-nlb/26c80dbd46590811",
            "idle_timeout": null,
            "internal": true,
            "ip_address_type": "ipv4",
            "ipam_pools": [],
            "load_balancer_type": "network",
            "minimum_load_balancer_capacity": [],
            "name": "cs6650-final-kafka-nlb",
            "name_prefix": "",
            "preserve_host_header": null,
            "security_groups": [],
            "subnet_mapping": [
              {
                "allocation_id": "",
                "ipv6_address": "",
                "outpost_id": "",
                "private_ipv4_address": "",
                "subnet_id": "subnet-04e3b50bc51bb7d0d"
              },
              {
                "allocation_id": "",
                "ipv6_address": "",
                "outpost_id": "",
                "private_ipv4_address": "",
                "subnet_id": "subnet-0b534eedb12879269"
              }
            ],
            "subnets": [
              "subnet-04e3b50bc51bb7d0d",
              "subnet-0b534eedb12879269"
            ],
            "tags": {
              "ManagedBy": "terraform",
              "Name": "cs6650-final-kafka-nlb",
              "Project": "cs6650-final"
            },
            "tags_all": {
              "ManagedBy": "terraform",
              "Name": "cs6650-final-kafka-nlb",
              "Project": "cs6650-final"
            },
            "timeouts": null,
            "vpc_id": "vpc-01706b50151581940",
            "xff_header_processing_mode": null,
            "zone_id": "Z18D5FSROUN65G"
          },
          "sensitive_attributes": [],
          "identity_schema_version": 0,
          "private": "eyJlMmJmYjczMC1lY2FhLTExZTYtOGY4OC0zNDM2M2JjN2M0YzAiOnsiY3JlYXRlIjo2MDAwMDAwMDAwMDAsImRlbGV0ZSI6NjAwMDAwMDAwMDAwLCJ1cGRhdGUiOjYwMDAwMDAwMDAwMH19",
          "dependencies": [
            "aws_subnet.public",
            "aws_vpc.main"
          ]
        }
      ]
    },
    {
      "mode": "managed",
      "type": "aws_lb",
      "name": "prometheus",
      "provider": "provider[\"registry.terraform.io/hashicorp/aws\"]",
      "instances": [
        {
          "schema_version": 0,
          "attributes": {
            "access_logs": [
              {
                "bucket": "",
                "enabled": false,
                "prefix": ""
              }
            ],
            "arn": "arn:aws:elasticloadbalancing:us-west-2:330214284546:loadbalancer/net/cs6650-final-prom-nlb/a5ac2dc21f18fd85",
            "arn_suffix": "net/cs6650-final-prom-nlb/a5ac2dc21f18fd85",
            "client_keep_alive": null,
            "connection_logs": [],
            "customer_owned_ipv4_pool": "",
            "desync_mitigation_mode": null,
            "dns_name": "cs6650-final-prom-nlb-a5ac2dc21f18fd85.elb.us-west-2.amazonaws.com",
            "dns_record_client_routing_policy": "any_availability_zone",
            "drop_invalid_header_fields": null,
            "enable_cross_zone_load_balancing": false,
            "enable_deletion_protection": false,
            "enable_http2": null,
            "enable_tls_version_and_cipher_suite_headers": null,
            "enable_waf_fail_open": null,
            "enable_xff_client_port": null,
            "enable_zonal_shift": false,
            "enforce_security_group_inbound_rules_on_private_link_traffic": "",
            "id": "arn:aws:elasticloadbalancing:us-west-2:330214284546:loadbalancer/net/cs6650-final-prom-nlb/a5ac2dc21f18fd85",
            "idle_timeout": null,
            "internal": false,
            "ip_address_type": "ipv4",
            "ipam_pools": [],
            "load_balancer_type": "network",
            "minimum_load_balancer_capacity": [],
            "name": "cs6650-final-prom-nlb",
            "name_prefix": "",
            "preserve_host_header": null,
            "security_groups": [],
            "subnet_mapping": [
              {
                "allocation_id": "",
                "ipv6_address": "",
                "outpost_id": "",
                "private_ipv4_address": "",
                "subnet_id": "subnet-04e3b50bc51bb7d0d"
              },
              {
                "allocation_id": "",
                "ipv6_address": "",
                "outpost_id": "",
                "private_ipv4_address": "",
                "subnet_id": "subnet-0b534eedb12879269"
              }
            ],
            "subnets": [
              "subnet-04e3b50bc51bb7d0d",
              "subnet-0b534eedb12879269"
            ],
            "tags": {
              "ManagedBy": "terraform",
              "Name": "cs6650-final-prom-nlb",
              "Project": "cs6650-final"
            },
            "tags_all": {
              "ManagedBy": "terraform",
              "Name": "cs6650-final-prom-nlb",
              "Project": "cs6650-final"
            },
            "timeouts": null,
            "vpc_id": "vpc-01706b50151581940",
            "xff_header_processing_mode": null,
            "zone_id": "Z18D5FSROUN65G"
          },
          "sensitive_attributes": [],
          "identity_schema_version": 0,
          "private": "eyJlMmJmYjczMC1lY2FhLTExZTYtOGY4OC0zNDM2M2JjN2M0YzAiOnsiY3JlYXRlIjo2MDAwMDAwMDAwMDAsImRlbGV0ZSI6NjAwMDAwMDAwMDAwLCJ1cGRhdGUiOjYwMDAwMDAwMDAwMH19",
          "dependencies": [
            "aws_subnet.public",
            "aws_vpc.main"
          ]
        }
      ]
    },
    {
      "mode": "managed",
      "type": "aws_lb_listener",
      "name": "http",
      "provider": "provider[\"registry.terraform.io/hashicorp/aws\"]",
      "instances": [
        {
          "schema_version": 0,
          "attributes": {
            "alpn_policy": null,
            "arn": "arn:aws:elasticloadbalancing:us-west-2:330214284546:listener/app/cs6650-final-alb/4d30102c99b6d164/fc8b9c3f1cc0e345",
            "certificate_arn": null,
            "default_action": [
              {
                "authenticate_cognito": [],
                "authenticate_oidc": [],
                "fixed_response": [],
                "forward": [],
                "order": 1,
                "redirect": [],
                "target_group_arn": "arn:aws:elasticloadbalancing:us-west-2:330214284546:targetgroup/cs6650-final-cart-api-tg/88b34baa970429fb",
                "type": "forward"
              }
            ],
            "id": "arn:aws:elasticloadbalancing:us-west-2:330214284546:listener/app/cs6650-final-alb/4d30102c99b6d164/fc8b9c3f1cc0e345",
            "load_balancer_arn": "arn:aws:elasticloadbalancing:us-west-2:330214284546:loadbalancer/app/cs6650-final-alb/4d30102c99b6d164",
            "mutual_authentication": [],
            "port": 80,
            "protocol": "HTTP",
            "routing_http_request_x_amzn_mtls_clientcert_header_name": null,
            "routing_http_request_x_amzn_mtls_clientcert_issuer_header_name": null,
            "routing_http_request_x_amzn_mtls_clientcert_leaf_header_name": null,
            "routing_http_request_x_amzn_mtls_clientcert_serial_number_header_name": null,
            "routing_http_request_x_amzn_mtls_clientcert_subject_header_name": null,
            "routing_http_request_x_amzn_mtls_clientcert_validity_header_name": null,
            "routing_http_request_x_amzn_tls_cipher_suite_header_name": null,
            "routing_http_request_x_amzn_tls_version_header_name": null,
            "routing_http_response_access_control_allow_credentials_header_value": "",
            "routing_http_response_access_control_allow_headers_header_value": "",
            "routing_http_response_access_control_allow_methods_header_value": "",
            "routing_http_response_access_control_allow_origin_header_value": "",
            "routing_http_response_access_control_expose_headers_header_value": "",
            "routing_http_response_access_control_max_age_header_value": "",
            "routing_http_response_content_security_policy_header_value": "",
            "routing_http_response_server_enabled": true,
            "routing_http_response_strict_transport_security_header_value": "",
            "routing_http_response_x_content_type_options_header_value": "",
            "routing_http_response_x_frame_options_header_value": "",
            "ssl_policy": "",
            "tags": {
              "ManagedBy": "terraform",
              "Project": "cs6650-final"
            },
            "tags_all": {
              "ManagedBy": "terraform",
              "Project": "cs6650-final"
            },
            "tcp_idle_timeout_seconds": null,
            "timeouts": null
          },
          "sensitive_attributes": [],
          "identity_schema_version": 0,
          "private": "eyJlMmJmYjczMC1lY2FhLTExZTYtOGY4OC0zNDM2M2JjN2M0YzAiOnsiY3JlYXRlIjozMDAwMDAwMDAwMDAsInVwZGF0ZSI6MzAwMDAwMDAwMDAwfX0=",
          "dependencies": [
            "aws_lb.cart_api",
            "aws_lb_target_group.cart_api",
            "aws_security_group.alb",
            "aws_subnet.public",
            "aws_vpc.main"
          ]
        }
      ]
    },
    {
      "mode": "managed",
      "type": "aws_lb_listener",
      "name": "kafka",
      "provider": "provider[\"registry.terraform.io/hashicorp/aws\"]",
      "instances": [
        {
          "schema_version": 0,
          "attributes": {
            "alpn_policy": null,
            "arn": "arn:aws:elasticloadbalancing:us-west-2:330214284546:listener/net/cs6650-final-kafka-nlb/26c80dbd46590811/64bac02ed0c64a7e",
            "certificate_arn": null,
            "default_action": [
              {
                "authenticate_cognito": [],
                "authenticate_oidc": [],
                "fixed_response": [],
                "forward": [],
                "order": 1,
                "redirect": [],
                "target_group_arn": "arn:aws:elasticloadbalancing:us-west-2:330214284546:targetgroup/cs6650-final-kafka-tg/e0a4f61f697de060",
                "type": "forward"
              }
            ],
            "id": "arn:aws:elasticloadbalancing:us-west-2:330214284546:listener/net/cs6650-final-kafka-nlb/26c80dbd46590811/64bac02ed0c64a7e",
            "load_balancer_arn": "arn:aws:elasticloadbalancing:us-west-2:330214284546:loadbalancer/net/cs6650-final-kafka-nlb/26c80dbd46590811",
            "mutual_authentication": [],
            "port": 9092,
            "protocol": "TCP",
            "routing_http_request_x_amzn_mtls_clientcert_header_name": null,
            "routing_http_request_x_amzn_mtls_clientcert_issuer_header_name": null,
            "routing_http_request_x_amzn_mtls_clientcert_leaf_header_name": null,
            "routing_http_request_x_amzn_mtls_clientcert_serial_number_header_name": null,
            "routing_http_request_x_amzn_mtls_clientcert_subject_header_name": null,
            "routing_http_request_x_amzn_mtls_clientcert_validity_header_name": null,
            "routing_http_request_x_amzn_tls_cipher_suite_header_name": null,
            "routing_http_request_x_amzn_tls_version_header_name": null,
            "routing_http_response_access_control_allow_credentials_header_value": null,
            "routing_http_response_access_control_allow_headers_header_value": null,
            "routing_http_response_access_control_allow_methods_header_value": null,
            "routing_http_response_access_control_allow_origin_header_value": null,
            "routing_http_response_access_control_expose_headers_header_value": null,
            "routing_http_response_access_control_max_age_header_value": null,
            "routing_http_response_content_security_policy_header_value": null,
            "routing_http_response_server_enabled": null,
            "routing_http_response_strict_transport_security_header_value": null,
            "routing_http_response_x_content_type_options_header_value": null,
            "routing_http_response_x_frame_options_header_value": null,
            "ssl_policy": "",
            "tags": {
              "ManagedBy": "terraform",
              "Project": "cs6650-final"
            },
            "tags_all": {
              "ManagedBy": "terraform",
              "Project": "cs6650-final"
            },
            "tcp_idle_timeout_seconds": 350,
            "timeouts": null
          },
          "sensitive_attributes": [],
          "identity_schema_version": 0,
          "private": "eyJlMmJmYjczMC1lY2FhLTExZTYtOGY4OC0zNDM2M2JjN2M0YzAiOnsiY3JlYXRlIjozMDAwMDAwMDAwMDAsInVwZGF0ZSI6MzAwMDAwMDAwMDAwfX0=",
          "dependencies": [
            "aws_lb.kafka",
            "aws_lb_target_group.kafka",
            "aws_subnet.public",
            "aws_vpc.main"
          ]
        }
      ]
    },
    {
      "mode": "managed",
      "type": "aws_lb_listener",
      "name": "prometheus",
      "provider": "provider[\"registry.terraform.io/hashicorp/aws\"]",
      "instances": [
        {
          "schema_version": 0,
          "attributes": {
            "alpn_policy": null,
            "arn": "arn:aws:elasticloadbalancing:us-west-2:330214284546:listener/net/cs6650-final-prom-nlb/a5ac2dc21f18fd85/580cbbcf753ecc84",
            "certificate_arn": null,
            "default_action": [
              {
                "authenticate_cognito": [],
                "authenticate_oidc": [],
                "fixed_response": [],
                "forward": [],
                "order": 1,
                "redirect": [],
                "target_group_arn": "arn:aws:elasticloadbalancing:us-west-2:330214284546:targetgroup/cs6650-final-prom-tg/356de0c28422b3e0",
                "type": "forward"
              }
            ],
            "id": "arn:aws:elasticloadbalancing:us-west-2:330214284546:listener/net/cs6650-final-prom-nlb/a5ac2dc21f18fd85/580cbbcf753ecc84",
            "load_balancer_arn": "arn:aws:elasticloadbalancing:us-west-2:330214284546:loadbalancer/net/cs6650-final-prom-nlb/a5ac2dc21f18fd85",
            "mutual_authentication": [],
            "port": 9090,
            "protocol": "TCP",
            "routing_http_request_x_amzn_mtls_clientcert_header_name": null,
            "routing_http_request_x_amzn_mtls_clientcert_issuer_header_name": null,
            "routing_http_request_x_amzn_mtls_clientcert_leaf_header_name": null,
            "routing_http_request_x_amzn_mtls_clientcert_serial_number_header_name": null,
            "routing_http_request_x_amzn_mtls_clientcert_subject_header_name": null,
            "routing_http_request_x_amzn_mtls_clientcert_validity_header_name": null,
            "routing_http_request_x_amzn_tls_cipher_suite_header_name": null,
            "routing_http_request_x_amzn_tls_version_header_name": null,
            "routing_http_response_access_control_allow_credentials_header_value": null,
            "routing_http_response_access_control_allow_headers_header_value": null,
            "routing_http_response_access_control_allow_methods_header_value": null,
            "routing_http_response_access_control_allow_origin_header_value": null,
            "routing_http_response_access_control_expose_headers_header_value": null,
            "routing_http_response_access_control_max_age_header_value": null,
            "routing_http_response_content_security_policy_header_value": null,
            "routing_http_response_server_enabled": null,
            "routing_http_response_strict_transport_security_header_value": null,
            "routing_http_response_x_content_type_options_header_value": null,
            "routing_http_response_x_frame_options_header_value": null,
            "ssl_policy": "",
            "tags": {
              "ManagedBy": "terraform",
              "Project": "cs6650-final"
            },
            "tags_all": {
              "ManagedBy": "terraform",
              "Project": "cs6650-final"
            },
            "tcp_idle_timeout_seconds": 350,
            "timeouts": null
          },
          "sensitive_attributes": [],
          "identity_schema_version": 0,
          "private": "eyJlMmJmYjczMC1lY2FhLTExZTYtOGY4OC0zNDM2M2JjN2M0YzAiOnsiY3JlYXRlIjozMDAwMDAwMDAwMDAsInVwZGF0ZSI6MzAwMDAwMDAwMDAwfX0=",
          "dependencies": [
            "aws_lb.prometheus",
            "aws_lb_target_group.prometheus",
            "aws_subnet.public",
            "aws_vpc.main"
          ]
        }
      ]
    },
    {
      "mode": "managed",
      "type": "aws_lb_target_group",
      "name": "cart_api",
      "provider": "provider[\"registry.terraform.io/hashicorp/aws\"]",
      "instances": [
        {
          "schema_version": 0,
          "attributes": {
            "arn": "arn:aws:elasticloadbalancing:us-west-2:330214284546:targetgroup/cs6650-final-cart-api-tg/88b34baa970429fb",
            "arn_suffix": "targetgroup/cs6650-final-cart-api-tg/88b34baa970429fb",
            "connection_termination": null,
            "deregistration_delay": "300",
            "health_check": [
              {
                "enabled": true,
                "healthy_threshold": 2,
                "interval": 30,
                "matcher": "200",
                "path": "/health",
                "port": "traffic-port",
                "protocol": "HTTP",
                "timeout": 5,
                "unhealthy_threshold": 3
              }
            ],
            "id": "arn:aws:elasticloadbalancing:us-west-2:330214284546:targetgroup/cs6650-final-cart-api-tg/88b34baa970429fb",
            "ip_address_type": "ipv4",
            "lambda_multi_value_headers_enabled": false,
            "load_balancer_arns": [
              "arn:aws:elasticloadbalancing:us-west-2:330214284546:loadbalancer/app/cs6650-final-alb/4d30102c99b6d164"
            ],
            "load_balancing_algorithm_type": "round_robin",
            "load_balancing_anomaly_mitigation": "off",
            "load_balancing_cross_zone_enabled": "use_load_balancer_configuration",
            "name": "cs6650-final-cart-api-tg",
            "name_prefix": "",
            "port": 8080,
            "preserve_client_ip": null,
            "protocol": "HTTP",
            "protocol_version": "HTTP1",
            "proxy_protocol_v2": false,
            "slow_start": 0,
            "stickiness": [
              {
                "cookie_duration": 86400,
                "cookie_name": "",
                "enabled": false,
                "type": "lb_cookie"
              }
            ],
            "tags": {
              "ManagedBy": "terraform",
              "Name": "cs6650-final-cart-api-tg",
              "Project": "cs6650-final"
            },
            "tags_all": {
              "ManagedBy": "terraform",
              "Name": "cs6650-final-cart-api-tg",
              "Project": "cs6650-final"
            },
            "target_failover": [
              {
                "on_deregistration": null,
                "on_unhealthy": null
              }
            ],
            "target_group_health": [
              {
                "dns_failover": [
                  {
                    "minimum_healthy_targets_count": "1",
                    "minimum_healthy_targets_percentage": "off"
                  }
                ],
                "unhealthy_state_routing": [
                  {
                    "minimum_healthy_targets_count": 1,
                    "minimum_healthy_targets_percentage": "off"
                  }
                ]
              }
            ],
            "target_health_state": [
              {
                "enable_unhealthy_connection_termination": null,
                "unhealthy_draining_interval": null
              }
            ],
            "target_type": "ip",
            "vpc_id": "vpc-01706b50151581940"
          },
          "sensitive_attributes": [],
          "identity_schema_version": 0,
          "private": "bnVsbA==",
          "dependencies": [
            "aws_vpc.main"
          ]
        }
      ]
    },
    {
      "mode": "managed",
      "type": "aws_lb_target_group",
      "name": "kafka",
      "provider": "provider[\"registry.terraform.io/hashicorp/aws\"]",
      "instances": [
        {
          "schema_version": 0,
          "attributes": {
            "arn": "arn:aws:elasticloadbalancing:us-west-2:330214284546:targetgroup/cs6650-final-kafka-tg/e0a4f61f697de060",
            "arn_suffix": "targetgroup/cs6650-final-kafka-tg/e0a4f61f697de060",
            "connection_termination": false,
            "deregistration_delay": "300",
            "health_check": [
              {
                "enabled": true,
                "healthy_threshold": 2,
                "interval": 10,
                "matcher": "",
                "path": "",
                "port": "traffic-port",
                "protocol": "TCP",
                "timeout": 10,
                "unhealthy_threshold": 2
              }
            ],
            "id": "arn:aws:elasticloadbalancing:us-west-2:330214284546:targetgroup/cs6650-final-kafka-tg/e0a4f61f697de060",
            "ip_address_type": "ipv4",
            "lambda_multi_value_headers_enabled": false,
            "load_balancer_arns": [
              "arn:aws:elasticloadbalancing:us-west-2:330214284546:loadbalancer/net/cs6650-final-kafka-nlb/26c80dbd46590811"
            ],
            "load_balancing_algorithm_type": null,
            "load_balancing_anomaly_mitigation": null,
            "load_balancing_cross_zone_enabled": "use_load_balancer_configuration",
            "name": "cs6650-final-kafka-tg",
            "name_prefix": "",
            "port": 9092,
            "preserve_client_ip": "false",
            "protocol": "TCP",
            "protocol_version": null,
            "proxy_protocol_v2": false,
            "slow_start": 0,
            "stickiness": [
              {
                "cookie_duration": 0,
                "cookie_name": "",
                "enabled": false,
                "type": "source_ip"
              }
            ],
            "tags": {
              "ManagedBy": "terraform",
              "Project": "cs6650-final"
            },
            "tags_all": {
              "ManagedBy": "terraform",
              "Project": "cs6650-final"
            },
            "target_failover": [
              {
                "on_deregistration": null,
                "on_unhealthy": null
              }
            ],
            "target_group_health": [
              {
                "dns_failover": [
                  {
                    "minimum_healthy_targets_count": "1",
                    "minimum_healthy_targets_percentage": "off"
                  }
                ],
                "unhealthy_state_routing": [
                  {
                    "minimum_healthy_targets_count": 1,
                    "minimum_healthy_targets_percentage": "off"
                  }
                ]
              }
            ],
            "target_health_state": [
              {
                "enable_unhealthy_connection_termination": true,
                "unhealthy_draining_interval": 0
              }
            ],
            "target_type": "ip",
            "vpc_id": "vpc-01706b50151581940"
          },
          "sensitive_attributes": [],
          "identity_schema_version": 0,
          "private": "bnVsbA==",
          "dependencies": [
            "aws_vpc.main"
          ]
        }
      ]
    },
    {
      "mode": "managed",
      "type": "aws_lb_target_group",
      "name": "prometheus",
      "provider": "provider[\"registry.terraform.io/hashicorp/aws\"]",
      "instances": [
        {
          "schema_version": 0,
          "attributes": {
            "arn": "arn:aws:elasticloadbalancing:us-west-2:330214284546:targetgroup/cs6650-final-prom-tg/356de0c28422b3e0",
            "arn_suffix": "targetgroup/cs6650-final-prom-tg/356de0c28422b3e0",
            "connection_termination": false,
            "deregistration_delay": "300",
            "health_check": [
              {
                "enabled": true,
                "healthy_threshold": 2,
                "interval": 10,
                "matcher": "",
                "path": "",
                "port": "traffic-port",
                "protocol": "TCP",
                "timeout": 10,
                "unhealthy_threshold": 2
              }
            ],
            "id": "arn:aws:elasticloadbalancing:us-west-2:330214284546:targetgroup/cs6650-final-prom-tg/356de0c28422b3e0",
            "ip_address_type": "ipv4",
            "lambda_multi_value_headers_enabled": false,
            "load_balancer_arns": [
              "arn:aws:elasticloadbalancing:us-west-2:330214284546:loadbalancer/net/cs6650-final-prom-nlb/a5ac2dc21f18fd85"
            ],
            "load_balancing_algorithm_type": null,
            "load_balancing_anomaly_mitigation": null,
            "load_balancing_cross_zone_enabled": "use_load_balancer_configuration",
            "name": "cs6650-final-prom-tg",
            "name_prefix": "",
            "port": 9090,
            "preserve_client_ip": "false",
            "protocol": "TCP",
            "protocol_version": null,
            "proxy_protocol_v2": false,
            "slow_start": 0,
            "stickiness": [
              {
                "cookie_duration": 0,
                "cookie_name": "",
                "enabled": false,
                "type": "source_ip"
              }
            ],
            "tags": {
              "ManagedBy": "terraform",
              "Project": "cs6650-final"
            },
            "tags_all": {
              "ManagedBy": "terraform",
              "Project": "cs6650-final"
            },
            "target_failover": [
              {
                "on_deregistration": null,
                "on_unhealthy": null
              }
            ],
            "target_group_health": [
              {
                "dns_failover": [
                  {
                    "minimum_healthy_targets_count": "1",
                    "minimum_healthy_targets_percentage": "off"
                  }
                ],
                "unhealthy_state_routing": [
                  {
                    "minimum_healthy_targets_count": 1,
                    "minimum_healthy_targets_percentage": "off"
                  }
                ]
              }
            ],
            "target_health_state": [
              {
                "enable_unhealthy_connection_termination": true,
                "unhealthy_draining_interval": 0
              }
            ],
            "target_type": "ip",
            "vpc_id": "vpc-01706b50151581940"
          },
          "sensitive_attributes": [],
          "identity_schema_version": 0,
          "private": "bnVsbA==",
          "dependencies": [
            "aws_vpc.main"
          ]
        }
      ]
    },
    {
      "mode": "managed",
      "type": "aws_route_table",
      "name": "public",
      "provider": "provider[\"registry.terraform.io/hashicorp/aws\"]",
      "instances": [
        {
          "schema_version": 0,
          "attributes": {
            "arn": "arn:aws:ec2:us-west-2:330214284546:route-table/rtb-0c9c06297998e99cb",
            "id": "rtb-0c9c06297998e99cb",
            "owner_id": "330214284546",
            "propagating_vgws": [],
            "route": [
              {
                "carrier_gateway_id": "",
                "cidr_block": "0.0.0.0/0",
                "core_network_arn": "",
                "destination_prefix_list_id": "",
                "egress_only_gateway_id": "",
                "gateway_id": "igw-0354b82564b4830b8",
                "ipv6_cidr_block": "",
                "local_gateway_id": "",
                "nat_gateway_id": "",
                "network_interface_id": "",
                "transit_gateway_id": "",
                "vpc_endpoint_id": "",
                "vpc_peering_connection_id": ""
              }
            ],
            "tags": {
              "ManagedBy": "terraform",
              "Name": "cs6650-final-public-rt",
              "Project": "cs6650-final"
            },
            "tags_all": {
              "ManagedBy": "terraform",
              "Name": "cs6650-final-public-rt",
              "Project": "cs6650-final"
            },
            "timeouts": null,
            "vpc_id": "vpc-01706b50151581940"
          },
          "sensitive_attributes": [],
          "identity_schema_version": 0,
          "private": "eyJlMmJmYjczMC1lY2FhLTExZTYtOGY4OC0zNDM2M2JjN2M0YzAiOnsiY3JlYXRlIjozMDAwMDAwMDAwMDAsImRlbGV0ZSI6MzAwMDAwMDAwMDAwLCJ1cGRhdGUiOjEyMDAwMDAwMDAwMH19",
          "dependencies": [
            "aws_internet_gateway.main",
            "aws_vpc.main"
          ]
        }
      ]
    },
    {
      "mode": "managed",
      "type": "aws_route_table_association",
      "name": "public",
      "provider": "provider[\"registry.terraform.io/hashicorp/aws\"]",
      "instances": [
        {
          "index_key": 0,
          "schema_version": 0,
          "attributes": {
            "gateway_id": "",
            "id": "rtbassoc-0417c0d4c864d1c2e",
            "route_table_id": "rtb-0c9c06297998e99cb",
            "subnet_id": "subnet-04e3b50bc51bb7d0d",
            "timeouts": null
          },
          "sensitive_attributes": [],
          "identity_schema_version": 0,
          "private": "eyJlMmJmYjczMC1lY2FhLTExZTYtOGY4OC0zNDM2M2JjN2M0YzAiOnsiY3JlYXRlIjozMDAwMDAwMDAwMDAsImRlbGV0ZSI6MzAwMDAwMDAwMDAwLCJ1cGRhdGUiOjEyMDAwMDAwMDAwMH19",
          "dependencies": [
            "aws_internet_gateway.main",
            "aws_route_table.public",
            "aws_subnet.public",
            "aws_vpc.main"
          ]
        },
        {
          "index_key": 1,
          "schema_version": 0,
          "attributes": {
            "gateway_id": "",
            "id": "rtbassoc-02187c347ead47ec9",
            "route_table_id": "rtb-0c9c06297998e99cb",
            "subnet_id": "subnet-0b534eedb12879269",
            "timeouts": null
          },
          "sensitive_attributes": [],
          "identity_schema_version": 0,
          "private": "eyJlMmJmYjczMC1lY2FhLTExZTYtOGY4OC0zNDM2M2JjN2M0YzAiOnsiY3JlYXRlIjozMDAwMDAwMDAwMDAsImRlbGV0ZSI6MzAwMDAwMDAwMDAwLCJ1cGRhdGUiOjEyMDAwMDAwMDAwMH19",
          "dependencies": [
            "aws_internet_gateway.main",
            "aws_route_table.public",
            "aws_subnet.public",
            "aws_vpc.main"
          ]
        }
      ]
    },
    {
      "mode": "managed",
      "type": "aws_security_group",
      "name": "alb",
      "provider": "provider[\"registry.terraform.io/hashicorp/aws\"]",
      "instances": [
        {
          "schema_version": 1,
          "attributes": {
            "arn": "arn:aws:ec2:us-west-2:330214284546:security-group/sg-082deb49880308f77",
            "description": "Allow HTTP inbound to ALB",
            "egress": [
              {
                "cidr_blocks": [
                  "0.0.0.0/0"
                ],
                "description": "",
                "from_port": 0,
                "ipv6_cidr_blocks": [],
                "prefix_list_ids": [],
                "protocol": "-1",
                "security_groups": [],
                "self": false,
                "to_port": 0
              }
            ],
            "id": "sg-082deb49880308f77",
            "ingress": [
              {
                "cidr_blocks": [
                  "0.0.0.0/0"
                ],
                "description": "HTTP from anywhere",
                "from_port": 80,
                "ipv6_cidr_blocks": [],
                "prefix_list_ids": [],
                "protocol": "tcp",
                "security_groups": [],
                "self": false,
                "to_port": 80
              }
            ],
            "name": "cs6650-final-alb-sg",
            "name_prefix": "",
            "owner_id": "330214284546",
            "revoke_rules_on_delete": false,
            "tags": {
              "ManagedBy": "terraform",
              "Name": "cs6650-final-alb-sg",
              "Project": "cs6650-final"
            },
            "tags_all": {
              "ManagedBy": "terraform",
              "Name": "cs6650-final-alb-sg",
              "Project": "cs6650-final"
            },
            "timeouts": null,
            "vpc_id": "vpc-01706b50151581940"
          },
          "sensitive_attributes": [],
          "identity_schema_version": 0,
          "private": "eyJlMmJmYjczMC1lY2FhLTExZTYtOGY4OC0zNDM2M2JjN2M0YzAiOnsiY3JlYXRlIjo2MDAwMDAwMDAwMDAsImRlbGV0ZSI6OTAwMDAwMDAwMDAwfSwic2NoZW1hX3ZlcnNpb24iOiIxIn0=",
          "dependencies": [
            "aws_vpc.main"
          ]
        }
      ]
    },
    {
      "mode": "managed",
      "type": "aws_security_group",
      "name": "ecs_tasks",
      "provider": "provider[\"registry.terraform.io/hashicorp/aws\"]",
      "instances": [
        {
          "schema_version": 1,
          "attributes": {
            "arn": "arn:aws:ec2:us-west-2:330214284546:security-group/sg-0cade7128d26c1475",
            "description": "Allow traffic between ECS tasks and from ALB",
            "egress": [
              {
                "cidr_blocks": [
                  "0.0.0.0/0"
                ],
                "description": "",
                "from_port": 0,
                "ipv6_cidr_blocks": [],
                "prefix_list_ids": [],
                "protocol": "-1",
                "security_groups": [],
                "self": false,
                "to_port": 0
              }
            ],
            "id": "sg-0cade7128d26c1475",
            "ingress": [
              {
                "cidr_blocks": [
                  "0.0.0.0/0"
                ],
                "description": "Prometheus NLB pass-through",
                "from_port": 9090,
                "ipv6_cidr_blocks": [],
                "prefix_list_ids": [],
                "protocol": "tcp",
                "security_groups": [],
                "self": false,
                "to_port": 9090
              },
              {
                "cidr_blocks": [
                  "10.0.0.0/16"
                ],
                "description": "VPC internal (for NLB pass-through)",
                "from_port": 9092,
                "ipv6_cidr_blocks": [],
                "prefix_list_ids": [],
                "protocol": "tcp",
                "security_groups": [],
                "self": false,
                "to_port": 9092
              },
              {
                "cidr_blocks": [],
                "description": "From ALB on container port",
                "from_port": 8080,
                "ipv6_cidr_blocks": [],
                "prefix_list_ids": [],
                "protocol": "tcp",
                "security_groups": [
                  "sg-082deb49880308f77"
                ],
                "self": false,
                "to_port": 8080
              },
              {
                "cidr_blocks": [],
                "description": "Inter-task communication",
                "from_port": 0,
                "ipv6_cidr_blocks": [],
                "prefix_list_ids": [],
                "protocol": "tcp",
                "security_groups": [],
                "self": true,
                "to_port": 65535
              }
            ],
            "name": "cs6650-final-ecs-tasks-sg",
            "name_prefix": "",
            "owner_id": "330214284546",
            "revoke_rules_on_delete": false,
            "tags": {
              "ManagedBy": "terraform",
              "Name": "cs6650-final-ecs-tasks-sg",
              "Project": "cs6650-final"
            },
            "tags_all": {
              "ManagedBy": "terraform",
              "Name": "cs6650-final-ecs-tasks-sg",
              "Project": "cs6650-final"
            },
            "timeouts": null,
            "vpc_id": "vpc-01706b50151581940"
          },
          "sensitive_attributes": [],
          "identity_schema_version": 0,
          "private": "eyJlMmJmYjczMC1lY2FhLTExZTYtOGY4OC0zNDM2M2JjN2M0YzAiOnsiY3JlYXRlIjo2MDAwMDAwMDAwMDAsImRlbGV0ZSI6OTAwMDAwMDAwMDAwfSwic2NoZW1hX3ZlcnNpb24iOiIxIn0=",
          "dependencies": [
            "aws_security_group.alb",
            "aws_vpc.main"
          ]
        }
      ]
    },
    {
      "mode": "managed",
      "type": "aws_sns_topic",
      "name": "alerts",
      "provider": "provider[\"registry.terraform.io/hashicorp/aws\"]",
      "instances": [
        {
          "schema_version": 0,
          "attributes": {
            "application_failure_feedback_role_arn": "",
            "application_success_feedback_role_arn": "",
            "application_success_feedback_sample_rate": 0,
            "archive_policy": "",
            "arn": "arn:aws:sns:us-west-2:330214284546:cs6650-final-alerts",
            "beginning_archive_time": "",
            "content_based_deduplication": false,
            "delivery_policy": "",
            "display_name": "",
            "fifo_throughput_scope": "",
            "fifo_topic": false,
            "firehose_failure_feedback_role_arn": "",
            "firehose_success_feedback_role_arn": "",
            "firehose_success_feedback_sample_rate": 0,
            "http_failure_feedback_role_arn": "",
            "http_success_feedback_role_arn": "",
            "http_success_feedback_sample_rate": 0,
            "id": "arn:aws:sns:us-west-2:330214284546:cs6650-final-alerts",
            "kms_master_key_id": "",
            "lambda_failure_feedback_role_arn": "",
            "lambda_success_feedback_role_arn": "",
            "lambda_success_feedback_sample_rate": 0,
            "name": "cs6650-final-alerts",
            "name_prefix": "",
            "owner": "330214284546",
            "policy": "{\"Id\":\"__default_policy_ID\",\"Statement\":[{\"Action\":[\"SNS:GetTopicAttributes\",\"SNS:SetTopicAttributes\",\"SNS:AddPermission\",\"SNS:RemovePermission\",\"SNS:DeleteTopic\",\"SNS:Subscribe\",\"SNS:ListSubscriptionsByTopic\",\"SNS:Publish\"],\"Condition\":{\"StringEquals\":{\"AWS:SourceOwner\":\"330214284546\"}},\"Effect\":\"Allow\",\"Principal\":{\"AWS\":\"*\"},\"Resource\":\"arn:aws:sns:us-west-2:330214284546:cs6650-final-alerts\",\"Sid\":\"__default_statement_ID\"}],\"Version\":\"2008-10-17\"}",
            "signature_version": 0,
            "sqs_failure_feedback_role_arn": "",
            "sqs_success_feedback_role_arn": "",
            "sqs_success_feedback_sample_rate": 0,
            "tags": {
              "ManagedBy": "terraform",
              "Project": "cs6650-final"
            },
            "tags_all": {
              "ManagedBy": "terraform",
              "Project": "cs6650-final"
            },
            "tracing_config": ""
          },
          "sensitive_attributes": [],
          "identity_schema_version": 0,
          "private": "bnVsbA=="
        }
      ]
    },
    {
      "mode": "managed",
      "type": "aws_subnet",
      "name": "public",
      "provider": "provider[\"registry.terraform.io/hashicorp/aws\"]",
      "instances": [
        {
          "index_key": 0,
          "schema_version": 1,
          "attributes": {
            "arn": "arn:aws:ec2:us-west-2:330214284546:subnet/subnet-04e3b50bc51bb7d0d",
            "assign_ipv6_address_on_creation": false,
            "availability_zone": "us-west-2a",
            "availability_zone_id": "usw2-az2",
            "cidr_block": "10.0.1.0/24",
            "customer_owned_ipv4_pool": "",
            "enable_dns64": false,
            "enable_lni_at_device_index": 0,
            "enable_resource_name_dns_a_record_on_launch": false,
            "enable_resource_name_dns_aaaa_record_on_launch": false,
            "id": "subnet-04e3b50bc51bb7d0d",
            "ipv6_cidr_block": "",
            "ipv6_cidr_block_association_id": "",
            "ipv6_native": false,
            "map_customer_owned_ip_on_launch": false,
            "map_public_ip_on_launch": true,
            "outpost_arn": "",
            "owner_id": "330214284546",
            "private_dns_hostname_type_on_launch": "ip-name",
            "tags": {
              "ManagedBy": "terraform",
              "Name": "cs6650-final-public-us-west-2a",
              "Project": "cs6650-final"
            },
            "tags_all": {
              "ManagedBy": "terraform",
              "Name": "cs6650-final-public-us-west-2a",
              "Project": "cs6650-final"
            },
            "timeouts": null,
            "vpc_id": "vpc-01706b50151581940"
          },
          "sensitive_attributes": [],
          "identity_schema_version": 0,
          "private": "eyJlMmJmYjczMC1lY2FhLTExZTYtOGY4OC0zNDM2M2JjN2M0YzAiOnsiY3JlYXRlIjo2MDAwMDAwMDAwMDAsImRlbGV0ZSI6MTIwMDAwMDAwMDAwMH0sInNjaGVtYV92ZXJzaW9uIjoiMSJ9",
          "dependencies": [
            "aws_vpc.main"
          ]
        },
        {
          "index_key": 1,
          "schema_version": 1,
          "attributes": {
            "arn": "arn:aws:ec2:us-west-2:330214284546:subnet/subnet-0b534eedb12879269",
            "assign_ipv6_address_on_creation": false,
            "availability_zone": "us-west-2b",
            "availability_zone_id": "usw2-az1",
            "cidr_block": "10.0.2.0/24",
            "customer_owned_ipv4_pool": "",
            "enable_dns64": false,
            "enable_lni_at_device_index": 0,
            "enable_resource_name_dns_a_record_on_launch": false,
            "enable_resource_name_dns_aaaa_record_on_launch": false,
            "id": "subnet-0b534eedb12879269",
            "ipv6_cidr_block": "",
            "ipv6_cidr_block_association_id": "",
            "ipv6_native": false,
            "map_customer_owned_ip_on_launch": false,
            "map_public_ip_on_launch": true,
            "outpost_arn": "",
            "owner_id": "330214284546",
            "private_dns_hostname_type_on_launch": "ip-name",
            "tags": {
              "ManagedBy": "terraform",
              "Name": "cs6650-final-public-us-west-2b",
              "Project": "cs6650-final"
            },
            "tags_all": {
              "ManagedBy": "terraform",
              "Name": "cs6650-final-public-us-west-2b",
              "Project": "cs6650-final"
            },
            "timeouts": null,
            "vpc_id": "vpc-01706b50151581940"
          },
          "sensitive_attributes": [],
          "identity_schema_version": 0,
          "private": "eyJlMmJmYjczMC1lY2FhLTExZTYtOGY4OC0zNDM2M2JjN2M0YzAiOnsiY3JlYXRlIjo2MDAwMDAwMDAwMDAsImRlbGV0ZSI6MTIwMDAwMDAwMDAwMH0sInNjaGVtYV92ZXJzaW9uIjoiMSJ9",
          "dependencies": [
            "aws_vpc.main"
          ]
        }
      ]
    },
    {
      "mode": "managed",
      "type": "aws_vpc",
      "name": "main",
      "provider": "provider[\"registry.terraform.io/hashicorp/aws\"]",
      "instances": [
        {
          "schema_version": 1,
          "attributes": {
            "arn": "arn:aws:ec2:us-west-2:330214284546:vpc/vpc-01706b50151581940",
            "assign_generated_ipv6_cidr_block": false,
            "cidr_block": "10.0.0.0/16",
            "default_network_acl_id": "acl-0abf69d32e16280de",
            "default_route_table_id": "rtb-05b41b661c650b613",
            "default_security_group_id": "sg-0c2caa3bbdfa8af24",
            "dhcp_options_id": "dopt-0e78d9bd3edd3a5a1",
            "enable_dns_hostnames": true,
            "enable_dns_support": true,
            "enable_network_address_usage_metrics": false,
            "id": "vpc-01706b50151581940",
            "instance_tenancy": "default",
            "ipv4_ipam_pool_id": null,
            "ipv4_netmask_length": null,
            "ipv6_association_id": "",
            "ipv6_cidr_block": "",
            "ipv6_cidr_block_network_border_group": "",
            "ipv6_ipam_pool_id": "",
            "ipv6_netmask_length": 0,
            "main_route_table_id": "rtb-05b41b661c650b613",
            "owner_id": "330214284546",
            "tags": {
              "ManagedBy": "terraform",
              "Name": "cs6650-final-vpc",
              "Project": "cs6650-final"
            },
            "tags_all": {
              "ManagedBy": "terraform",
              "Name": "cs6650-final-vpc",
              "Project": "cs6650-final"
            }
          },
          "sensitive_attributes": [],
          "identity_schema_version": 0,
          "private": "eyJzY2hlbWFfdmVyc2lvbiI6IjEifQ=="
        }
      ]
    }
  ],
  "check_results": [
    {
      "object_kind": "var",
      "config_addr": "var.scaling_mode",
      "status": "pass",
      "objects": [
        {
          "object_addr": "var.scaling_mode",
          "status": "pass"
        }
      ]
    }
  ]
}
